{
  "version": 4,
  "terraform_version": "1.5.3",
  "serial": 22,
  "lineage": "d848ff0a-3192-63c1-2917-0180a7bfcee9",
  "outputs": {
    "Cluster_endpoint": {
      "value": "34.89.27.112",
      "type": "string",
      "sensitive": true
    },
    "Cluster_location": {
      "value": "europe-west2",
      "type": "string"
    },
    "Cluster_name": {
      "value": "gke-terraform-project-dev",
      "type": "string"
    },
    "Cluster_region": {
      "value": "europe-west2",
      "type": "string"
    },
    "Cluster_type": {
      "value": "regional",
      "type": "string"
    },
    "Cluster_zones": {
      "value": [
        "europe-west2-a",
        "europe-west2-b"
      ],
      "type": [
        "list",
        "string"
      ]
    },
    "ca_certificate": {
      "value": "LS0tLS1CRUdJTiBDRVJUSUZJQ0FURS0tLS0tCk1JSUVMRENDQXBTZ0F3SUJBZ0lRSlJUVGhHZzR6Qko5Q0lVTTZJUGpsVEFOQmdrcWhraUc5dzBCQVFzRkFEQXYKTVMwd0t3WURWUVFERXlRMk1ERTBaR1pqTnkwNU1HWmtMVFF6WlRFdFlqY3haUzAyWXpFME16RmlNakZtTkRVdwpJQmNOTWpNeE1ERTBNRGd3T1RNM1doZ1BNakExTXpFd01EWXdPVEE1TXpkYU1DOHhMVEFyQmdOVkJBTVRKRFl3Ck1UUmtabU0zTFRrd1ptUXRORE5sTVMxaU56RmxMVFpqTVRRek1XSXlNV1kwTlRDQ0FhSXdEUVlKS29aSWh2Y04KQVFFQkJRQURnZ0dQQURDQ0FZb0NnZ0dCQU1GNWZYd09reTJaVTlhVm9CUVhsblh0eWliNlZJdW1NeGRKaXRGeQpodGtGZFlWM1c2Tm1wWDVJTGJIZ3Z1dmpqczVzM0d2MmRERHZDcGFjRTlRYlAwUER0KzcvWGFFVHEvNC9HYllLClVTd2VFT3I4YUROQU1paTZJRjRQRjdpZndtcUFtTXFIemlvZ25hRFRvSVdlYVpkYTlSV25zQUlUdU4vdEZHWW4KendoMzFxTXRIbHJ6T1RGQzVkalRqaHRRK2k5WWpNaDZPTys4VG1wdnIrcEo0a2VyK1UyMTYydUJkOEpWQURYKwpVejlLazREMktCVTdzZ0pmblhrODNDT0FnUGQwbGxoUFNEWDNtRDJucjNMNzBSMkc3YzZWNXpMbDlNK0tZais3CkFYNWp5clZmeVBQZVFrRTR1OE9KZEwxeWQzT00ydDZkWmpvQUxUam9QQkg1engwRm9lNTNKdERsSUczS0lzc1oKRklXeEx3K2lCd2oyb0ZvUUoyOXNuWGVoNlJjc0V2MTZNY1hFQUFGL01lNDNsbDVVNlB2Z205S1BXVFBxdUxPZgo1NXlkMXhQUVNLSG80TndtQzdqTjF2a001b2RDRFpHV084c2hrRVhoZ0lRd1c3ZHp0SFpNOHZKRndaOGsxeVFOCnFWOS83bUZnTGovS3krSVN5VkxpWUU5cVp3SURBUUFCbzBJd1FEQU9CZ05WSFE4QkFmOEVCQU1DQWdRd0R3WUQKVlIwVEFRSC9CQVV3QXdFQi96QWRCZ05WSFE0RUZnUVVuZmMxRGNadW5USHQwaXovOVltTGJRMUJjelV3RFFZSgpLb1pJaHZjTkFRRUxCUUFEZ2dHQkFCaW54RGVnNGhmQngxcXRwZDJiR3RWVVdiRk1ib3VIbnJ4YktrczYyRHdwCmdzVnNUellEQ0ZvVzNzQlRPalJwSjdmYmY0RUJLclIya2JtTlUzckY1NTQwcUlmUStvMGkwazBPUE9URGxocVMKbjl0TFVRR2JyT2U5TmhBZlpzeXlIRnB5VFlHdDhpWnMvTlc1S2Nzb3k0S3FESXhVS2ZDTTBMTnlDNWhvZzZlZgpEUm1ubVVEM1c5ZklQUlQrTnZNcVF2T2hpUlcvR09EQUdpNUY0a0hjWUxMWkpMd0U4Y2pRdVpsOFlhYW9yWEc1CkRFSzBpUkdBc0VwVGcxS2E0MXA0NDU1ZFRwWEtTdUR6QXZBa2RRanF1TDRTejZuUU9HOC9URXZWSE9FRUpaQVMKQmNwSWhyOXl4dDVhRkVqQzQrSHZuZnVLZjNOelpLY1N6V1BqSlhWSDVCc0Z4YmJPeS8yS3lvNTlJM2lLYlVqVQpReWlYRHdOY0RpR0UyWGlveU1jY1F2eUdVMUFIaUNuWm04TVBaSVlCYzRnYUo1Zk9BYlNKSWJlWUwyamxXekF4CmtQZjNIb3hTNFB5MXl3SzdiL2tQSEo4MUxzaGloOWF3UXgvTDlXa1JTenJPbEZIUDZOeTY0NDVBd3NyNVA3MGMKM0VvaFR3RmtiWUZMSmZYMWdrQ3NoUT09Ci0tLS0tRU5EIENFUlRJRklDQVRFLS0tLS0K",
      "type": "string",
      "sensitive": true
    },
    "cluster_id": {
      "value": "projects/kloia-challenge/locations/europe-west2/clusters/gke-terraform-project-dev",
      "type": "string"
    },
    "horizontal_pod_autoscaling_enabled": {
      "value": false,
      "type": "bool"
    },
    "http_load_balancing_enabled": {
      "value": false,
      "type": "bool"
    },
    "logging_service": {
      "value": "logging.googleapis.com/kubernetes",
      "type": "string"
    },
    "master_authorized_networks_config": {
      "value": [],
      "type": [
        "list",
        [
          "object",
          {
            "cidr_blocks": [
              "set",
              [
                "object",
                {
                  "cidr_block": "string",
                  "display_name": "string"
                }
              ]
            ],
            "gcp_public_cidrs_access_enabled": "bool"
          }
        ]
      ]
    },
    "master_version": {
      "value": "1.27.3-gke.100",
      "type": "string"
    },
    "monitoring_service": {
      "value": "monitoring.googleapis.com/kubernetes",
      "type": "string"
    },
    "network_policy_enabled": {
      "value": false,
      "type": "bool"
    },
    "node_pools_names": {
      "value": [
        "node-pool",
        "",
        ""
      ],
      "type": [
        "tuple",
        [
          "string",
          "string",
          "string"
        ]
      ]
    },
    "node_pools_versions": {
      "value": {
        "node-pool": "1.27.3-gke.100"
      },
      "type": [
        "object",
        {
          "node-pool": "string"
        }
      ]
    },
    "service_account": {
      "value": "",
      "type": "string"
    }
  },
  "resources": [
    {
      "mode": "data",
      "type": "google_client_config",
      "name": "default",
      "provider": "provider[\"registry.terraform.io/hashicorp/google\"]",
      "instances": [
        {
          "schema_version": 0,
          "attributes": {
            "access_token": "ya29.c.c0AY_VpZjU7wzkFTuNrt4RkViyBRAwwIe1EQiNYMnIKCFWkhiMC4e9WMC3QvHCP-kzyGCnUc482ii0Gp7ZzlApP7tZlkFPm3U0WDh9Hu_n6aJKQTK8F8J6rlSAxrsgcYABmm9ELbIQXTE-FabiiQqt7kQbiJEs2FISE-eidzZIJJ7e67Sod2uHJ1bHhlswpTPpE9d2jwoDEqg66u12AQwiioc304u8giCIr6AtCAdawqp8zqC6S6KdT-iVCfG3Xu7u3KbwtlNdzwON4C67ThFoEY4cf_rLu266xadDO336JZPDS4Tn2KhxyNTlobnGWA5Vc3Npx9sfV711wLxojv2FyTKi6GNluNzqXMuRcX9WoT4fwugE3OSFZYGn3AL387Dr-F_r2ZeYwrbZQRnWM09ylb4zwOd7tzbk1skds6jjpdzt9YiyXef3bwi4MbII1Uxjczjo-oyk-du4W_t2M7rSRx1Z_4ro5SgyyMwSpcBfsxoyri70caYjeybzM-7t6xMjl6j4xMmhQ39FS9VZdp2s24fu4689SmVlkovU9W1lZrytds-n73BUeV9zw-YrYtnj-XyIjIFg7OhBtsqlii8wlZxhJYr3klq2wVov2gjwz3Ymnjt6cFsX2F51glbYsxrY9gntXRr5twvFBp8waQSxyiiebmQq1myz5xWk2xg3ZnoYS5w_sv-6JkyoYl6qfiwkmQzd0p56IddgzF7sisBJVRsq0w21sj1zWMYs6r9WZIa2h5s_4-mqvFZOxI4W8wVuMV1SrzqnZ4wr2Rfnf7U37FlIi85YiOSZyUlg1J2BgwOwy-fJ_zke8Jf9XnckQ2YzvQyUq6R_ch4e79rbg6uxZXsoUI6YVoSccjRuO4tmy3zXnqayfcauJJW3_FkmlRS-9_gktF8uYzuFIk2b4sttQl8qtkvx6fblQ7Wshu4sarbVOxg63169ZZJUSzz7SdrjJsFab9M3o-tsJdBaugozWBrIwxVoUau3MFBwq8VjqShi91BU-BM38a_",
            "id": "projects/\u003cnull\u003e/regions/\u003cnull\u003e/zones/\u003cnull\u003e",
            "project": null,
            "region": null,
            "zone": null
          },
          "sensitive_attributes": []
        }
      ]
    },
    {
      "mode": "managed",
      "type": "local_file",
      "name": "kubeconfig",
      "provider": "provider[\"registry.terraform.io/hashicorp/local\"]",
      "instances": [
        {
          "schema_version": 0,
          "attributes": {
            "content": "apiVersion: v1\nclusters:\n- cluster:\n    certificate-authority-data: LS0tLS1CRUdJTiBDRVJUSUZJQ0FURS0tLS0tCk1JSUVMRENDQXBTZ0F3SUJBZ0lRSlJUVGhHZzR6Qko5Q0lVTTZJUGpsVEFOQmdrcWhraUc5dzBCQVFzRkFEQXYKTVMwd0t3WURWUVFERXlRMk1ERTBaR1pqTnkwNU1HWmtMVFF6WlRFdFlqY3haUzAyWXpFME16RmlNakZtTkRVdwpJQmNOTWpNeE1ERTBNRGd3T1RNM1doZ1BNakExTXpFd01EWXdPVEE1TXpkYU1DOHhMVEFyQmdOVkJBTVRKRFl3Ck1UUmtabU0zTFRrd1ptUXRORE5sTVMxaU56RmxMVFpqTVRRek1XSXlNV1kwTlRDQ0FhSXdEUVlKS29aSWh2Y04KQVFFQkJRQURnZ0dQQURDQ0FZb0NnZ0dCQU1GNWZYd09reTJaVTlhVm9CUVhsblh0eWliNlZJdW1NeGRKaXRGeQpodGtGZFlWM1c2Tm1wWDVJTGJIZ3Z1dmpqczVzM0d2MmRERHZDcGFjRTlRYlAwUER0KzcvWGFFVHEvNC9HYllLClVTd2VFT3I4YUROQU1paTZJRjRQRjdpZndtcUFtTXFIemlvZ25hRFRvSVdlYVpkYTlSV25zQUlUdU4vdEZHWW4KendoMzFxTXRIbHJ6T1RGQzVkalRqaHRRK2k5WWpNaDZPTys4VG1wdnIrcEo0a2VyK1UyMTYydUJkOEpWQURYKwpVejlLazREMktCVTdzZ0pmblhrODNDT0FnUGQwbGxoUFNEWDNtRDJucjNMNzBSMkc3YzZWNXpMbDlNK0tZais3CkFYNWp5clZmeVBQZVFrRTR1OE9KZEwxeWQzT00ydDZkWmpvQUxUam9QQkg1engwRm9lNTNKdERsSUczS0lzc1oKRklXeEx3K2lCd2oyb0ZvUUoyOXNuWGVoNlJjc0V2MTZNY1hFQUFGL01lNDNsbDVVNlB2Z205S1BXVFBxdUxPZgo1NXlkMXhQUVNLSG80TndtQzdqTjF2a001b2RDRFpHV084c2hrRVhoZ0lRd1c3ZHp0SFpNOHZKRndaOGsxeVFOCnFWOS83bUZnTGovS3krSVN5VkxpWUU5cVp3SURBUUFCbzBJd1FEQU9CZ05WSFE4QkFmOEVCQU1DQWdRd0R3WUQKVlIwVEFRSC9CQVV3QXdFQi96QWRCZ05WSFE0RUZnUVVuZmMxRGNadW5USHQwaXovOVltTGJRMUJjelV3RFFZSgpLb1pJaHZjTkFRRUxCUUFEZ2dHQkFCaW54RGVnNGhmQngxcXRwZDJiR3RWVVdiRk1ib3VIbnJ4YktrczYyRHdwCmdzVnNUellEQ0ZvVzNzQlRPalJwSjdmYmY0RUJLclIya2JtTlUzckY1NTQwcUlmUStvMGkwazBPUE9URGxocVMKbjl0TFVRR2JyT2U5TmhBZlpzeXlIRnB5VFlHdDhpWnMvTlc1S2Nzb3k0S3FESXhVS2ZDTTBMTnlDNWhvZzZlZgpEUm1ubVVEM1c5ZklQUlQrTnZNcVF2T2hpUlcvR09EQUdpNUY0a0hjWUxMWkpMd0U4Y2pRdVpsOFlhYW9yWEc1CkRFSzBpUkdBc0VwVGcxS2E0MXA0NDU1ZFRwWEtTdUR6QXZBa2RRanF1TDRTejZuUU9HOC9URXZWSE9FRUpaQVMKQmNwSWhyOXl4dDVhRkVqQzQrSHZuZnVLZjNOelpLY1N6V1BqSlhWSDVCc0Z4YmJPeS8yS3lvNTlJM2lLYlVqVQpReWlYRHdOY0RpR0UyWGlveU1jY1F2eUdVMUFIaUNuWm04TVBaSVlCYzRnYUo1Zk9BYlNKSWJlWUwyamxXekF4CmtQZjNIb3hTNFB5MXl3SzdiL2tQSEo4MUxzaGloOWF3UXgvTDlXa1JTenJPbEZIUDZOeTY0NDVBd3NyNVA3MGMKM0VvaFR3RmtiWUZMSmZYMWdrQ3NoUT09Ci0tLS0tRU5EIENFUlRJRklDQVRFLS0tLS0K\n    server: https://10.10.0.2\n  name: gke-terraform-project-dev\ncontexts:\n- context:\n    cluster: gke-terraform-project-dev\n    user: gke-terraform-project-dev\n  name: gke-terraform-project-dev\ncurrent-context: gke-terraform-project-dev\nkind: Config\npreferences: {}\nusers:\n- name: gke-terraform-project-dev\n  user:\n    token: ya29.c.c0AY_VpZhjX__vLMtJNTO5vmkVeJkJr8-aKCJCgCZLYJabh8CeU63yo4I67czMZVwHDiO7grL0ZMAvY2B8MXJ1BbzvYTp5PEmSSR9RleBanG6GcvsWtinOve8B7bVq8D6DsZHzoQcVa0KIJcBJoOemeUtOKKT4wgZLAdWuAXonW3KTZJSWq4DcZU3WQQiTnW29M9C8QJYAXhK_Uk6TDRVo3tT7l3MZdlFpKSDziif7jjKaYNfb0sqyIArCfAYIUOCIm2qyaGulb2_l1a00WM_4LcCZhnFTSmGqNhYYVhjxiQQyzOIu0qIzR6kHuzOJkRnLn6VGMSzHzfsITELt74xdAJ2grDQjeS5H1ze9Z0vj_G0WxZehUv1cwzrVvmYE388A5qu3FUF_0oi25Bv0WRtxBUUz_1ekwkhrI76Y2eqjvIJVO_J1aOpe0XX2YU2qOcb7eb32kB3vu7sboMF9d19u41JMiMJ5FwaVns9bO7vOd3lrYopsclMn_67p76u2l3S_5u98lvoOQxekMe_WQ6zc7J4niR-7OXM4gIpereuYOrJcm1JzIzVzzYw16QO5Jr_2i31pkXnR3Fxp768YrmlpdU_xtyFY5S9BabvtjxzkVxr_4BJJWJIZRMBndaexk34aZ--UW98XyBdy7es_fdQ9Ryn9Qn7F-6ZwI6eiwjmMb1Isxstkag2trnuRc0I59uSsnY8R7kxuorqF1apkVb4R-_U_9-YQbZoco5iujzs8s0Igxr_uqjdvt5tU7rlZgsu-UogvioZth3p8h8klqoulpuOrBXFrMvzUko9fI9hoXxnuuzwvMaIasnpsgX7Zrp7yMIQwr5p_VhOdraRsSeisVmvektpOZetF6kQa4I5OJVhtkbJ3oUwliBlw8_Ssqzz0Ozvuyod1BInwFVl38a44IBzpIB0mjn36ZV0t2RX1phfMn4Fzyktae8kz90Jt9tvksmoO2lzVffgQ4xF66maI5YMrUMjzm1QvJU4OmskF741OWFY4OaX1-Og\n",
            "content_base64": null,
            "content_base64sha256": "xlAFwwAwFi3T2TtF66YJkNn/nUhqGpSjiYTgkX8MFvA=",
            "content_base64sha512": "hKfXjvwLOt6wlX4/Kubfz6VUT7mH00EG1pJ/iaujiQ8mx7D4HEITNvrcw1U2CBu33C0D8IafBfKbE4q81OPeig==",
            "content_md5": "84bd218b72a4fbd850fba535a86e1cac",
            "content_sha1": "e31ca974fa810e505df8b1038822d5d74151da52",
            "content_sha256": "c65005c30030162dd3d93b45eba60990d9ff9d486a1a94a38984e0917f0c16f0",
            "content_sha512": "84a7d78efc0b3adeb0957e3f2ae6dfcfa5544fb987d34106d6927f89aba3890f26c7b0f81c421336fadcc35536081bb7dc2d03f0869f05f29b138abcd4e3de8a",
            "directory_permission": "0777",
            "file_permission": "0777",
            "filename": "kubeconfig-dev",
            "id": "e31ca974fa810e505df8b1038822d5d74151da52",
            "sensitive_content": null,
            "source": null
          },
          "sensitive_attributes": [
            [
              {
                "type": "get_attr",
                "value": "content"
              }
            ]
          ],
          "dependencies": [
            "data.google_client_config.default",
            "module.gcp-network.module.firewall_rules.google_compute_firewall.rules",
            "module.gcp-network.module.routes.google_compute_route.route",
            "module.gcp-network.module.subnets.google_compute_subnetwork.subnetwork",
            "module.gcp-network.module.vpc.google_compute_network.network",
            "module.gcp-network.module.vpc.google_compute_shared_vpc_host_project.shared_vpc_host",
            "module.gke.data.google_compute_subnetwork.gke_subnetwork",
            "module.gke.data.google_compute_zones.available",
            "module.gke.data.google_container_engine_versions.region",
            "module.gke.data.google_container_engine_versions.zone",
            "module.gke.google_compute_firewall.intra_egress",
            "module.gke.google_compute_firewall.master_webhooks",
            "module.gke.google_compute_firewall.shadow_allow_inkubelet",
            "module.gke.google_compute_firewall.shadow_allow_master",
            "module.gke.google_compute_firewall.shadow_allow_nodes",
            "module.gke.google_compute_firewall.shadow_allow_pods",
            "module.gke.google_compute_firewall.shadow_deny_exkubelet",
            "module.gke.google_container_cluster.primary",
            "module.gke.google_container_node_pool.pools",
            "module.gke.google_container_node_pool.windows_pools",
            "module.gke.google_project_iam_member.cluster_service_account-artifact-registry",
            "module.gke.google_project_iam_member.cluster_service_account-gcr",
            "module.gke.google_project_iam_member.cluster_service_account-log_writer",
            "module.gke.google_project_iam_member.cluster_service_account-metric_writer",
            "module.gke.google_project_iam_member.cluster_service_account-monitoring_viewer",
            "module.gke.google_project_iam_member.cluster_service_account-resourceMetadata-writer",
            "module.gke.google_service_account.cluster_service_account",
            "module.gke.kubernetes_config_map.ip-masq-agent",
            "module.gke.kubernetes_config_map_v1_data.kube-dns",
            "module.gke.kubernetes_config_map_v1_data.kube-dns-upstream-nameservers-and-stub-domains",
            "module.gke.kubernetes_config_map_v1_data.kube-dns-upstream-namservers",
            "module.gke.random_shuffle.available_zones",
            "module.gke.random_string.cluster_service_account_suffix",
            "module.gke_auth.data.google_client_config.provider",
            "module.gke_auth.data.google_container_cluster.gke_cluster"
          ]
        }
      ]
    },
    {
      "module": "module.gcp-network.module.subnets",
      "mode": "managed",
      "type": "google_compute_subnetwork",
      "name": "subnetwork",
      "provider": "provider[\"registry.terraform.io/hashicorp/google\"]",
      "instances": [
        {
          "index_key": "europe-west2/gke-subnet-dev",
          "schema_version": 0,
          "attributes": {
            "creation_timestamp": "2023-10-14T02:09:04.119-07:00",
            "description": "",
            "external_ipv6_prefix": "",
            "fingerprint": null,
            "gateway_address": "10.10.0.1",
            "id": "projects/kloia-challenge/regions/europe-west2/subnetworks/gke-subnet-dev",
            "ip_cidr_range": "10.10.0.0/16",
            "ipv6_access_type": "",
            "ipv6_cidr_range": "",
            "log_config": [],
            "name": "gke-subnet-dev",
            "network": "https://www.googleapis.com/compute/v1/projects/kloia-challenge/global/networks/gke-network-dev",
            "private_ip_google_access": false,
            "private_ipv6_google_access": "DISABLE_GOOGLE_ACCESS",
            "project": "kloia-challenge",
            "purpose": "PRIVATE",
            "region": "europe-west2",
            "role": "",
            "secondary_ip_range": [
              {
                "ip_cidr_range": "10.20.0.0/16",
                "range_name": "ip-range-pods"
              },
              {
                "ip_cidr_range": "10.30.0.0/16",
                "range_name": "ip-range-services"
              }
            ],
            "self_link": "https://www.googleapis.com/compute/v1/projects/kloia-challenge/regions/europe-west2/subnetworks/gke-subnet-dev",
            "stack_type": "IPV4_ONLY",
            "timeouts": null
          },
          "sensitive_attributes": [],
          "private": "eyJlMmJmYjczMC1lY2FhLTExZTYtOGY4OC0zNDM2M2JjN2M0YzAiOnsiY3JlYXRlIjoxMjAwMDAwMDAwMDAwLCJkZWxldGUiOjEyMDAwMDAwMDAwMDAsInVwZGF0ZSI6MTIwMDAwMDAwMDAwMH19",
          "dependencies": [
            "module.gcp-network.module.vpc.google_compute_network.network"
          ]
        }
      ]
    },
    {
      "module": "module.gcp-network.module.vpc",
      "mode": "managed",
      "type": "google_compute_network",
      "name": "network",
      "provider": "provider[\"registry.terraform.io/hashicorp/google\"]",
      "instances": [
        {
          "schema_version": 0,
          "attributes": {
            "auto_create_subnetworks": false,
            "delete_default_routes_on_create": false,
            "description": "",
            "enable_ula_internal_ipv6": false,
            "gateway_ipv4": "",
            "id": "projects/kloia-challenge/global/networks/gke-network-dev",
            "internal_ipv6_range": "",
            "mtu": 0,
            "name": "gke-network-dev",
            "network_firewall_policy_enforcement_order": "AFTER_CLASSIC_FIREWALL",
            "project": "kloia-challenge",
            "routing_mode": "GLOBAL",
            "self_link": "https://www.googleapis.com/compute/v1/projects/kloia-challenge/global/networks/gke-network-dev",
            "timeouts": null
          },
          "sensitive_attributes": [],
          "private": "eyJlMmJmYjczMC1lY2FhLTExZTYtOGY4OC0zNDM2M2JjN2M0YzAiOnsiY3JlYXRlIjoxMjAwMDAwMDAwMDAwLCJkZWxldGUiOjEyMDAwMDAwMDAwMDAsInVwZGF0ZSI6MTIwMDAwMDAwMDAwMH19"
        }
      ]
    },
    {
      "module": "module.gke",
      "mode": "data",
      "type": "google_compute_zones",
      "name": "available",
      "provider": "provider[\"registry.terraform.io/hashicorp/google\"]",
      "instances": [
        {
          "schema_version": 0,
          "attributes": {
            "id": "projects/kloia-challenge/regions/europe-west2",
            "names": [
              "europe-west2-a",
              "europe-west2-b",
              "europe-west2-c"
            ],
            "project": "kloia-challenge",
            "region": "europe-west2",
            "status": null
          },
          "sensitive_attributes": []
        }
      ]
    },
    {
      "module": "module.gke",
      "mode": "data",
      "type": "google_container_engine_versions",
      "name": "region",
      "provider": "provider[\"registry.terraform.io/hashicorp/google\"]",
      "instances": [
        {
          "schema_version": 0,
          "attributes": {
            "default_cluster_version": "1.27.3-gke.100",
            "id": "2023-10-14 09:09:36.083801 +0000 UTC",
            "latest_master_version": "1.27.6-gke.1248000",
            "latest_node_version": "1.27.6-gke.1248000",
            "location": "europe-west2",
            "project": "kloia-challenge",
            "release_channel_default_version": {
              "RAPID": "1.27.4-gke.900",
              "REGULAR": "1.27.3-gke.100",
              "STABLE": "1.27.3-gke.100"
            },
            "release_channel_latest_version": {
              "RAPID": "1.28.1-gke.1066000",
              "REGULAR": "1.27.4-gke.900",
              "STABLE": "1.27.4-gke.900"
            },
            "valid_master_versions": [
              "1.27.6-gke.1248000",
              "1.27.5-gke.200",
              "1.27.4-gke.900",
              "1.27.3-gke.1700",
              "1.27.3-gke.100",
              "1.27.2-gke.2100",
              "1.27.2-gke.1200",
              "1.26.8-gke.200",
              "1.26.7-gke.500",
              "1.26.6-gke.1700",
              "1.26.5-gke.2700",
              "1.26.5-gke.2100",
              "1.25.13-gke.200",
              "1.25.12-gke.500",
              "1.25.11-gke.1700",
              "1.25.10-gke.2700",
              "1.24.17-gke.200",
              "1.24.16-gke.500",
              "1.24.15-gke.1700",
              "1.24.14-gke.2700"
            ],
            "valid_node_versions": [
              "1.27.6-gke.1248000",
              "1.27.5-gke.200",
              "1.27.4-gke.900",
              "1.27.3-gke.1700",
              "1.27.3-gke.100",
              "1.27.2-gke.2100",
              "1.27.2-gke.1200",
              "1.26.8-gke.200",
              "1.26.7-gke.500",
              "1.26.6-gke.1700",
              "1.26.5-gke.2700",
              "1.26.5-gke.2100",
              "1.26.5-gke.1400",
              "1.26.5-gke.1200",
              "1.26.4-gke.1400",
              "1.26.4-gke.500",
              "1.26.3-gke.1000",
              "1.26.3-gke.400",
              "1.26.2-gke.1000",
              "1.26.1-gke.1500",
              "1.25.13-gke.200",
              "1.25.12-gke.500",
              "1.25.11-gke.1700",
              "1.25.10-gke.2700",
              "1.25.10-gke.2100",
              "1.25.10-gke.1400",
              "1.25.10-gke.1200",
              "1.25.9-gke.2300",
              "1.25.9-gke.400",
              "1.25.8-gke.1000",
              "1.25.8-gke.500",
              "1.25.7-gke.1000",
              "1.25.6-gke.1000",
              "1.25.6-gke.200",
              "1.25.5-gke.2000",
              "1.25.5-gke.1500",
              "1.25.4-gke.2100",
              "1.25.3-gke.800",
              "1.24.17-gke.200",
              "1.24.16-gke.500",
              "1.24.15-gke.1700",
              "1.24.14-gke.2700",
              "1.24.14-gke.2100",
              "1.24.14-gke.1400",
              "1.24.14-gke.1200",
              "1.24.13-gke.2500",
              "1.24.13-gke.500",
              "1.24.12-gke.1000",
              "1.24.12-gke.500",
              "1.24.11-gke.1000",
              "1.24.10-gke.2300",
              "1.24.10-gke.1200",
              "1.24.9-gke.3200",
              "1.24.9-gke.2000",
              "1.24.9-gke.1500",
              "1.24.8-gke.2000",
              "1.24.8-gke.401",
              "1.24.7-gke.900",
              "1.24.6-gke.1500",
              "1.24.5-gke.600",
              "1.24.4-gke.800",
              "1.24.3-gke.2100",
              "1.24.3-gke.900",
              "1.24.3-gke.200",
              "1.24.2-gke.1900",
              "1.24.2-gke.300",
              "1.24.1-gke.1800",
              "1.24.1-gke.1400",
              "1.23.17-gke.10700",
              "1.23.17-gke.10000",
              "1.23.17-gke.8400",
              "1.23.17-gke.7700",
              "1.23.17-gke.7000",
              "1.23.17-gke.6800",
              "1.23.17-gke.5600",
              "1.23.17-gke.3600",
              "1.23.17-gke.2000",
              "1.23.17-gke.1700",
              "1.23.17-gke.300",
              "1.23.16-gke.2500",
              "1.23.16-gke.1400",
              "1.23.16-gke.1100",
              "1.23.16-gke.200",
              "1.23.15-gke.1900",
              "1.23.15-gke.1400",
              "1.23.14-gke.1800",
              "1.23.14-gke.401",
              "1.23.13-gke.900",
              "1.23.12-gke.1600",
              "1.23.12-gke.100",
              "1.23.11-gke.300",
              "1.23.10-gke.1000",
              "1.23.9-gke.2100",
              "1.23.9-gke.900",
              "1.23.8-gke.1900",
              "1.23.8-gke.400",
              "1.23.7-gke.1400",
              "1.23.6-gke.2200",
              "1.23.6-gke.1700",
              "1.23.6-gke.1501",
              "1.23.6-gke.1500",
              "1.23.5-gke.2400",
              "1.23.5-gke.1503",
              "1.23.5-gke.1501",
              "1.22.17-gke.14100",
              "1.22.17-gke.13400",
              "1.22.17-gke.12700",
              "1.22.17-gke.11400",
              "1.22.17-gke.9400",
              "1.22.17-gke.8000",
              "1.22.17-gke.7500",
              "1.22.17-gke.6100",
              "1.22.17-gke.5400",
              "1.22.17-gke.4300",
              "1.22.17-gke.4000",
              "1.22.17-gke.3100",
              "1.22.17-gke.1900",
              "1.22.17-gke.1400",
              "1.22.16-gke.2000",
              "1.22.16-gke.1300",
              "1.22.15-gke.2500",
              "1.22.15-gke.1000",
              "1.22.15-gke.100",
              "1.22.14-gke.300",
              "1.22.13-gke.1000",
              "1.22.12-gke.2300",
              "1.22.12-gke.1200",
              "1.22.12-gke.500",
              "1.22.12-gke.300",
              "1.22.11-gke.400",
              "1.22.10-gke.600",
              "1.22.9-gke.2000",
              "1.22.9-gke.1500",
              "1.22.9-gke.1300",
              "1.22.8-gke.2200",
              "1.22.8-gke.202",
              "1.22.8-gke.201",
              "1.22.8-gke.200",
              "1.22.7-gke.1500",
              "1.22.7-gke.1300",
              "1.22.7-gke.900",
              "1.22.7-gke.300",
              "1.22.6-gke.1000",
              "1.22.6-gke.300",
              "1.22.4-gke.1501",
              "1.22.3-gke.1500",
              "1.21.14-gke.18800",
              "1.21.14-gke.18100",
              "1.21.14-gke.15800",
              "1.21.14-gke.14600",
              "1.21.14-gke.14100",
              "1.21.14-gke.8500",
              "1.21.14-gke.7100",
              "1.21.14-gke.5300",
              "1.21.14-gke.4300",
              "1.21.14-gke.3000",
              "1.21.14-gke.2700",
              "1.21.14-gke.2100",
              "1.21.14-gke.700",
              "1.21.13-gke.900",
              "1.21.12-gke.2200",
              "1.21.12-gke.1700",
              "1.21.12-gke.1500",
              "1.21.11-gke.1900",
              "1.21.11-gke.1100",
              "1.21.11-gke.900",
              "1.21.10-gke.2000",
              "1.21.10-gke.1500",
              "1.21.10-gke.1300",
              "1.21.10-gke.400",
              "1.21.9-gke.1002",
              "1.21.9-gke.1001",
              "1.21.9-gke.1000",
              "1.21.9-gke.300",
              "1.21.6-gke.1503",
              "1.21.6-gke.1501",
              "1.21.6-gke.1500",
              "1.21.5-gke.1805",
              "1.21.5-gke.1802",
              "1.21.5-gke.1302",
              "1.21.5-gke.1300",
              "1.21.4-gke.2302",
              "1.21.4-gke.2300",
              "1.21.3-gke.2003",
              "1.21.3-gke.2001",
              "1.20.15-gke.13700",
              "1.20.15-gke.13400",
              "1.20.15-gke.12800",
              "1.20.15-gke.11400",
              "1.20.15-gke.9900",
              "1.20.15-gke.8700",
              "1.20.15-gke.8200",
              "1.20.15-gke.8000",
              "1.20.15-gke.6000",
              "1.20.15-gke.5200",
              "1.20.15-gke.5000",
              "1.20.15-gke.4100",
              "1.20.15-gke.3600",
              "1.20.15-gke.3400",
              "1.20.15-gke.2500",
              "1.20.15-gke.1000",
              "1.20.15-gke.300",
              "1.20.12-gke.1500",
              "1.20.11-gke.1801",
              "1.20.11-gke.1300",
              "1.20.10-gke.2100",
              "1.20.10-gke.1600",
              "1.20.10-gke.301",
              "1.20.9-gke.2100",
              "1.20.9-gke.1001",
              "1.20.9-gke.1000",
              "1.20.9-gke.701",
              "1.20.9-gke.700",
              "1.20.8-gke.2101",
              "1.20.8-gke.2100",
              "1.20.8-gke.900",
              "1.20.8-gke.700",
              "1.20.7-gke.2200",
              "1.20.7-gke.1800",
              "1.20.6-gke.1400",
              "1.20.6-gke.1000",
              "1.19.16-gke.15700",
              "1.19.16-gke.14500",
              "1.19.16-gke.14000",
              "1.19.16-gke.13800",
              "1.19.16-gke.11800",
              "1.19.16-gke.11000",
              "1.19.16-gke.10800",
              "1.19.16-gke.9900",
              "1.19.16-gke.9400",
              "1.19.16-gke.9200",
              "1.19.16-gke.8300",
              "1.19.16-gke.6800",
              "1.19.16-gke.6100",
              "1.19.16-gke.3600",
              "1.19.15-gke.1801",
              "1.19.15-gke.1300",
              "1.19.15-gke.500",
              "1.19.14-gke.2300",
              "1.19.14-gke.1900",
              "1.19.14-gke.301",
              "1.19.14-gke.300",
              "1.19.13-gke.1900",
              "1.19.13-gke.1200",
              "1.19.13-gke.701",
              "1.19.13-gke.700",
              "1.19.12-gke.2101",
              "1.19.12-gke.2100",
              "1.19.12-gke.1100",
              "1.19.12-gke.900",
              "1.19.12-gke.700",
              "1.19.11-gke.2101",
              "1.19.11-gke.2100",
              "1.19.11-gke.1701",
              "1.19.11-gke.1700",
              "1.19.10-gke.1701",
              "1.19.10-gke.1700",
              "1.19.10-gke.1601",
              "1.19.10-gke.1600",
              "1.19.10-gke.1001",
              "1.19.10-gke.1000",
              "1.19.9-gke.1900",
              "1.19.9-gke.1400",
              "1.19.9-gke.700",
              "1.19.9-gke.100",
              "1.19.8-gke.2000",
              "1.19.8-gke.1600",
              "1.19.8-gke.1000",
              "1.19.7-gke.2503",
              "1.19.7-gke.1500",
              "1.19.7-gke.1302",
              "1.19.7-gke.800",
              "1.19.6-gke.1700",
              "1.19.6-gke.1100",
              "1.19.6-gke.600",
              "1.18.20-gke.6101",
              "1.18.20-gke.6000",
              "1.18.20-gke.4501",
              "1.18.20-gke.4500",
              "1.18.20-gke.4100",
              "1.18.20-gke.3300",
              "1.18.20-gke.3001",
              "1.18.20-gke.3000",
              "1.18.20-gke.2300",
              "1.18.20-gke.901",
              "1.18.20-gke.900",
              "1.18.20-gke.501",
              "1.18.19-gke.2101",
              "1.18.19-gke.2100",
              "1.18.19-gke.1701",
              "1.18.19-gke.1700",
              "1.18.18-gke.1701",
              "1.18.18-gke.1700",
              "1.18.18-gke.1101",
              "1.18.18-gke.1100",
              "1.18.17-gke.1901",
              "1.18.17-gke.1900",
              "1.18.17-gke.1201",
              "1.18.17-gke.1200",
              "1.18.17-gke.700",
              "1.18.17-gke.100",
              "1.18.16-gke.2100",
              "1.18.16-gke.1201",
              "1.18.16-gke.1200",
              "1.18.16-gke.502",
              "1.18.16-gke.500",
              "1.18.16-gke.302",
              "1.18.16-gke.300",
              "1.18.15-gke.2500",
              "1.18.15-gke.1502",
              "1.18.15-gke.1501",
              "1.18.15-gke.1500",
              "1.18.15-gke.1102",
              "1.18.15-gke.1100",
              "1.18.15-gke.800",
              "1.18.14-gke.1600",
              "1.18.14-gke.1200",
              "1.18.12-gke.1210",
              "1.18.12-gke.1206",
              "1.18.12-gke.1205",
              "1.18.12-gke.1201",
              "1.18.12-gke.1200",
              "1.18.12-gke.300",
              "1.18.10-gke.2701",
              "1.18.10-gke.2101",
              "1.18.10-gke.1500",
              "1.18.10-gke.601",
              "1.18.9-gke.2501",
              "1.18.9-gke.1501",
              "1.18.9-gke.801",
              "1.18.6-gke.4801",
              "1.18.6-gke.3504",
              "1.18.6-gke.3503",
              "1.17.17-gke.9100",
              "1.17.17-gke.8500",
              "1.17.17-gke.8200",
              "1.17.17-gke.7800",
              "1.17.17-gke.7200",
              "1.17.17-gke.6700",
              "1.17.17-gke.6000",
              "1.17.17-gke.5400",
              "1.17.17-gke.4900",
              "1.17.17-gke.4400",
              "1.17.17-gke.3700",
              "1.17.17-gke.3000",
              "1.17.17-gke.2800",
              "1.17.17-gke.2500",
              "1.17.17-gke.1500",
              "1.17.17-gke.1101",
              "1.17.17-gke.1100",
              "1.17.17-gke.600",
              "1.17.16-gke.1600",
              "1.17.16-gke.1300",
              "1.17.15-gke.800",
              "1.17.15-gke.300",
              "1.17.14-gke.1600",
              "1.17.14-gke.1200",
              "1.17.14-gke.400",
              "1.17.13-gke.2600",
              "1.17.13-gke.2001",
              "1.17.13-gke.1401",
              "1.17.13-gke.1400",
              "1.17.13-gke.600",
              "1.17.12-gke.2502",
              "1.17.12-gke.1504",
              "1.17.12-gke.1501",
              "1.17.12-gke.500",
              "1.17.9-gke.6300",
              "1.17.9-gke.1504",
              "1.16.15-gke.14800",
              "1.16.15-gke.12500",
              "1.16.15-gke.11800",
              "1.16.15-gke.10600",
              "1.16.15-gke.7801",
              "1.16.15-gke.7800",
              "1.16.15-gke.7300",
              "1.16.15-gke.6900",
              "1.16.15-gke.6000",
              "1.16.15-gke.5500",
              "1.16.15-gke.4901",
              "1.16.15-gke.4301",
              "1.16.15-gke.4300",
              "1.16.15-gke.3500",
              "1.16.15-gke.2601",
              "1.16.15-gke.1600",
              "1.16.15-gke.500",
              "1.16.13-gke.404",
              "1.16.13-gke.403",
              "1.16.13-gke.401",
              "1.16.13-gke.400",
              "1.16.13-gke.1",
              "1.16.11-gke.5",
              "1.16.10-gke.8",
              "1.16.9-gke.6",
              "1.16.9-gke.2",
              "1.16.8-gke.15",
              "1.16.8-gke.12",
              "1.16.8-gke.9",
              "1.15.12-gke.6002",
              "1.15.12-gke.6001",
              "1.15.12-gke.5000",
              "1.15.12-gke.4002",
              "1.15.12-gke.4000",
              "1.15.12-gke.20",
              "1.15.12-gke.17",
              "1.15.12-gke.16",
              "1.15.12-gke.13",
              "1.15.12-gke.9",
              "1.15.12-gke.6",
              "1.15.12-gke.3",
              "1.15.12-gke.2",
              "1.15.11-gke.17",
              "1.15.11-gke.15",
              "1.15.11-gke.13",
              "1.15.11-gke.12",
              "1.15.11-gke.11",
              "1.15.11-gke.9",
              "1.15.11-gke.5",
              "1.15.11-gke.3",
              "1.15.11-gke.1",
              "1.15.9-gke.26",
              "1.15.9-gke.24",
              "1.15.9-gke.22",
              "1.15.9-gke.12",
              "1.15.9-gke.9",
              "1.15.9-gke.8",
              "1.15.8-gke.3",
              "1.15.8-gke.2",
              "1.15.7-gke.23",
              "1.15.7-gke.2",
              "1.15.4-gke.22",
              "1.14.10-gke.1504",
              "1.14.10-gke.902",
              "1.14.10-gke.50",
              "1.14.10-gke.46",
              "1.14.10-gke.45",
              "1.14.10-gke.42",
              "1.14.10-gke.41",
              "1.14.10-gke.40",
              "1.14.10-gke.37",
              "1.14.10-gke.36",
              "1.14.10-gke.34",
              "1.14.10-gke.32",
              "1.14.10-gke.31",
              "1.14.10-gke.27",
              "1.14.10-gke.24",
              "1.14.10-gke.22",
              "1.14.10-gke.21",
              "1.14.10-gke.17",
              "1.14.10-gke.0",
              "1.14.9-gke.23",
              "1.14.9-gke.2",
              "1.14.9-gke.0",
              "1.14.8-gke.33",
              "1.14.8-gke.21",
              "1.14.8-gke.18",
              "1.14.8-gke.17",
              "1.14.8-gke.14",
              "1.14.8-gke.12",
              "1.14.8-gke.7",
              "1.14.8-gke.2",
              "1.14.7-gke.40",
              "1.14.7-gke.25",
              "1.14.7-gke.23",
              "1.14.7-gke.17",
              "1.14.7-gke.14",
              "1.14.7-gke.10",
              "1.14.6-gke.13",
              "1.14.6-gke.2",
              "1.14.6-gke.1",
              "1.14.3-gke.11",
              "1.14.3-gke.10",
              "1.14.3-gke.9",
              "1.14.2-gke.9",
              "1.14.1-gke.5",
              "1.13.12-gke.30",
              "1.13.12-gke.25",
              "1.13.12-gke.17",
              "1.13.12-gke.16",
              "1.13.12-gke.14",
              "1.13.12-gke.13",
              "1.13.12-gke.10",
              "1.13.12-gke.8",
              "1.13.12-gke.4",
              "1.13.12-gke.2",
              "1.13.11-gke.23",
              "1.13.11-gke.15",
              "1.13.11-gke.14",
              "1.13.11-gke.12",
              "1.13.11-gke.11",
              "1.13.11-gke.9",
              "1.13.11-gke.5",
              "1.13.10-gke.7",
              "1.13.10-gke.0",
              "1.13.9-gke.11",
              "1.13.9-gke.3",
              "1.13.7-gke.24",
              "1.13.7-gke.19",
              "1.13.7-gke.15",
              "1.13.7-gke.8",
              "1.13.7-gke.0",
              "1.13.6-gke.13",
              "1.13.6-gke.6",
              "1.13.6-gke.5",
              "1.13.6-gke.0",
              "1.13.5-gke.10",
              "1.12.10-gke.22",
              "1.12.10-gke.20",
              "1.12.10-gke.19",
              "1.12.10-gke.18",
              "1.12.10-gke.17",
              "1.12.10-gke.15",
              "1.12.10-gke.13",
              "1.12.10-gke.11",
              "1.12.10-gke.5",
              "1.12.9-gke.16",
              "1.12.9-gke.15",
              "1.12.9-gke.13",
              "1.12.9-gke.10",
              "1.12.9-gke.7",
              "1.12.9-gke.3",
              "1.12.8-gke.12",
              "1.12.8-gke.10",
              "1.12.8-gke.7",
              "1.12.8-gke.6",
              "1.12.7-gke.26",
              "1.12.7-gke.25",
              "1.12.7-gke.24",
              "1.12.7-gke.22",
              "1.12.7-gke.21",
              "1.12.7-gke.17",
              "1.12.7-gke.10",
              "1.12.7-gke.7",
              "1.12.6-gke.11",
              "1.12.6-gke.10",
              "1.12.6-gke.7",
              "1.12.5-gke.10",
              "1.12.5-gke.5",
              "1.11.10-gke.6",
              "1.11.10-gke.5"
            ],
            "version_prefix": null
          },
          "sensitive_attributes": []
        }
      ]
    },
    {
      "module": "module.gke",
      "mode": "data",
      "type": "google_container_engine_versions",
      "name": "zone",
      "provider": "provider[\"registry.terraform.io/hashicorp/google\"]",
      "instances": [
        {
          "schema_version": 0,
          "attributes": {
            "default_cluster_version": "1.27.3-gke.100",
            "id": "2023-10-14 09:09:36.073104 +0000 UTC",
            "latest_master_version": "1.27.6-gke.1248000",
            "latest_node_version": "1.27.6-gke.1248000",
            "location": "europe-west2-a",
            "project": "kloia-challenge",
            "release_channel_default_version": {
              "RAPID": "1.27.4-gke.900",
              "REGULAR": "1.27.3-gke.100",
              "STABLE": "1.27.3-gke.100"
            },
            "release_channel_latest_version": {
              "RAPID": "1.28.1-gke.1066000",
              "REGULAR": "1.27.4-gke.900",
              "STABLE": "1.27.4-gke.900"
            },
            "valid_master_versions": [
              "1.27.6-gke.1248000",
              "1.27.5-gke.200",
              "1.27.4-gke.900",
              "1.27.3-gke.1700",
              "1.27.3-gke.100",
              "1.27.2-gke.2100",
              "1.27.2-gke.1200",
              "1.26.8-gke.200",
              "1.26.7-gke.500",
              "1.26.6-gke.1700",
              "1.26.5-gke.2700",
              "1.26.5-gke.2100",
              "1.25.13-gke.200",
              "1.25.12-gke.500",
              "1.25.11-gke.1700",
              "1.25.10-gke.2700",
              "1.24.17-gke.200",
              "1.24.16-gke.500",
              "1.24.15-gke.1700",
              "1.24.14-gke.2700"
            ],
            "valid_node_versions": [
              "1.27.6-gke.1248000",
              "1.27.5-gke.200",
              "1.27.4-gke.900",
              "1.27.3-gke.1700",
              "1.27.3-gke.100",
              "1.27.2-gke.2100",
              "1.27.2-gke.1200",
              "1.26.8-gke.200",
              "1.26.7-gke.500",
              "1.26.6-gke.1700",
              "1.26.5-gke.2700",
              "1.26.5-gke.2100",
              "1.26.5-gke.1400",
              "1.26.5-gke.1200",
              "1.26.4-gke.1400",
              "1.26.4-gke.500",
              "1.26.3-gke.1000",
              "1.26.3-gke.400",
              "1.26.2-gke.1000",
              "1.26.1-gke.1500",
              "1.25.13-gke.200",
              "1.25.12-gke.500",
              "1.25.11-gke.1700",
              "1.25.10-gke.2700",
              "1.25.10-gke.2100",
              "1.25.10-gke.1400",
              "1.25.10-gke.1200",
              "1.25.9-gke.2300",
              "1.25.9-gke.400",
              "1.25.8-gke.1000",
              "1.25.8-gke.500",
              "1.25.7-gke.1000",
              "1.25.6-gke.1000",
              "1.25.6-gke.200",
              "1.25.5-gke.2000",
              "1.25.5-gke.1500",
              "1.25.4-gke.2100",
              "1.25.3-gke.800",
              "1.24.17-gke.200",
              "1.24.16-gke.500",
              "1.24.15-gke.1700",
              "1.24.14-gke.2700",
              "1.24.14-gke.2100",
              "1.24.14-gke.1400",
              "1.24.14-gke.1200",
              "1.24.13-gke.2500",
              "1.24.13-gke.500",
              "1.24.12-gke.1000",
              "1.24.12-gke.500",
              "1.24.11-gke.1000",
              "1.24.10-gke.2300",
              "1.24.10-gke.1200",
              "1.24.9-gke.3200",
              "1.24.9-gke.2000",
              "1.24.9-gke.1500",
              "1.24.8-gke.2000",
              "1.24.8-gke.401",
              "1.24.7-gke.900",
              "1.24.6-gke.1500",
              "1.24.5-gke.600",
              "1.24.4-gke.800",
              "1.24.3-gke.2100",
              "1.24.3-gke.900",
              "1.24.3-gke.200",
              "1.24.2-gke.1900",
              "1.24.2-gke.300",
              "1.24.1-gke.1800",
              "1.24.1-gke.1400",
              "1.23.17-gke.10700",
              "1.23.17-gke.10000",
              "1.23.17-gke.8400",
              "1.23.17-gke.7700",
              "1.23.17-gke.7000",
              "1.23.17-gke.6800",
              "1.23.17-gke.5600",
              "1.23.17-gke.3600",
              "1.23.17-gke.2000",
              "1.23.17-gke.1700",
              "1.23.17-gke.300",
              "1.23.16-gke.2500",
              "1.23.16-gke.1400",
              "1.23.16-gke.1100",
              "1.23.16-gke.200",
              "1.23.15-gke.1900",
              "1.23.15-gke.1400",
              "1.23.14-gke.1800",
              "1.23.14-gke.401",
              "1.23.13-gke.900",
              "1.23.12-gke.1600",
              "1.23.12-gke.100",
              "1.23.11-gke.300",
              "1.23.10-gke.1000",
              "1.23.9-gke.2100",
              "1.23.9-gke.900",
              "1.23.8-gke.1900",
              "1.23.8-gke.400",
              "1.23.7-gke.1400",
              "1.23.6-gke.2200",
              "1.23.6-gke.1700",
              "1.23.6-gke.1501",
              "1.23.6-gke.1500",
              "1.23.5-gke.2400",
              "1.23.5-gke.1503",
              "1.23.5-gke.1501",
              "1.22.17-gke.14100",
              "1.22.17-gke.13400",
              "1.22.17-gke.12700",
              "1.22.17-gke.11400",
              "1.22.17-gke.9400",
              "1.22.17-gke.8000",
              "1.22.17-gke.7500",
              "1.22.17-gke.6100",
              "1.22.17-gke.5400",
              "1.22.17-gke.4300",
              "1.22.17-gke.4000",
              "1.22.17-gke.3100",
              "1.22.17-gke.1900",
              "1.22.17-gke.1400",
              "1.22.16-gke.2000",
              "1.22.16-gke.1300",
              "1.22.15-gke.2500",
              "1.22.15-gke.1000",
              "1.22.15-gke.100",
              "1.22.14-gke.300",
              "1.22.13-gke.1000",
              "1.22.12-gke.2300",
              "1.22.12-gke.1200",
              "1.22.12-gke.500",
              "1.22.12-gke.300",
              "1.22.11-gke.400",
              "1.22.10-gke.600",
              "1.22.9-gke.2000",
              "1.22.9-gke.1500",
              "1.22.9-gke.1300",
              "1.22.8-gke.2200",
              "1.22.8-gke.202",
              "1.22.8-gke.201",
              "1.22.8-gke.200",
              "1.22.7-gke.1500",
              "1.22.7-gke.1300",
              "1.22.7-gke.900",
              "1.22.7-gke.300",
              "1.22.6-gke.1000",
              "1.22.6-gke.300",
              "1.22.4-gke.1501",
              "1.22.3-gke.1500",
              "1.21.14-gke.18800",
              "1.21.14-gke.18100",
              "1.21.14-gke.15800",
              "1.21.14-gke.14600",
              "1.21.14-gke.14100",
              "1.21.14-gke.8500",
              "1.21.14-gke.7100",
              "1.21.14-gke.5300",
              "1.21.14-gke.4300",
              "1.21.14-gke.3000",
              "1.21.14-gke.2700",
              "1.21.14-gke.2100",
              "1.21.14-gke.700",
              "1.21.13-gke.900",
              "1.21.12-gke.2200",
              "1.21.12-gke.1700",
              "1.21.12-gke.1500",
              "1.21.11-gke.1900",
              "1.21.11-gke.1100",
              "1.21.11-gke.900",
              "1.21.10-gke.2000",
              "1.21.10-gke.1500",
              "1.21.10-gke.1300",
              "1.21.10-gke.400",
              "1.21.9-gke.1002",
              "1.21.9-gke.1001",
              "1.21.9-gke.1000",
              "1.21.9-gke.300",
              "1.21.6-gke.1503",
              "1.21.6-gke.1501",
              "1.21.6-gke.1500",
              "1.21.5-gke.1805",
              "1.21.5-gke.1802",
              "1.21.5-gke.1302",
              "1.21.5-gke.1300",
              "1.21.4-gke.2302",
              "1.21.4-gke.2300",
              "1.21.3-gke.2003",
              "1.21.3-gke.2001",
              "1.20.15-gke.13700",
              "1.20.15-gke.13400",
              "1.20.15-gke.12800",
              "1.20.15-gke.11400",
              "1.20.15-gke.9900",
              "1.20.15-gke.8700",
              "1.20.15-gke.8200",
              "1.20.15-gke.8000",
              "1.20.15-gke.6000",
              "1.20.15-gke.5200",
              "1.20.15-gke.5000",
              "1.20.15-gke.4100",
              "1.20.15-gke.3600",
              "1.20.15-gke.3400",
              "1.20.15-gke.2500",
              "1.20.15-gke.1000",
              "1.20.15-gke.300",
              "1.20.12-gke.1500",
              "1.20.11-gke.1801",
              "1.20.11-gke.1300",
              "1.20.10-gke.2100",
              "1.20.10-gke.1600",
              "1.20.10-gke.301",
              "1.20.9-gke.2100",
              "1.20.9-gke.1001",
              "1.20.9-gke.1000",
              "1.20.9-gke.701",
              "1.20.9-gke.700",
              "1.20.8-gke.2101",
              "1.20.8-gke.2100",
              "1.20.8-gke.900",
              "1.20.8-gke.700",
              "1.20.7-gke.2200",
              "1.20.7-gke.1800",
              "1.20.6-gke.1400",
              "1.20.6-gke.1000",
              "1.19.16-gke.15700",
              "1.19.16-gke.14500",
              "1.19.16-gke.14000",
              "1.19.16-gke.13800",
              "1.19.16-gke.11800",
              "1.19.16-gke.11000",
              "1.19.16-gke.10800",
              "1.19.16-gke.9900",
              "1.19.16-gke.9400",
              "1.19.16-gke.9200",
              "1.19.16-gke.8300",
              "1.19.16-gke.6800",
              "1.19.16-gke.6100",
              "1.19.16-gke.3600",
              "1.19.15-gke.1801",
              "1.19.15-gke.1300",
              "1.19.15-gke.500",
              "1.19.14-gke.2300",
              "1.19.14-gke.1900",
              "1.19.14-gke.301",
              "1.19.14-gke.300",
              "1.19.13-gke.1900",
              "1.19.13-gke.1200",
              "1.19.13-gke.701",
              "1.19.13-gke.700",
              "1.19.12-gke.2101",
              "1.19.12-gke.2100",
              "1.19.12-gke.1100",
              "1.19.12-gke.900",
              "1.19.12-gke.700",
              "1.19.11-gke.2101",
              "1.19.11-gke.2100",
              "1.19.11-gke.1701",
              "1.19.11-gke.1700",
              "1.19.10-gke.1701",
              "1.19.10-gke.1700",
              "1.19.10-gke.1601",
              "1.19.10-gke.1600",
              "1.19.10-gke.1001",
              "1.19.10-gke.1000",
              "1.19.9-gke.1900",
              "1.19.9-gke.1400",
              "1.19.9-gke.700",
              "1.19.9-gke.100",
              "1.19.8-gke.2000",
              "1.19.8-gke.1600",
              "1.19.8-gke.1000",
              "1.19.7-gke.2503",
              "1.19.7-gke.1500",
              "1.19.7-gke.1302",
              "1.19.7-gke.800",
              "1.19.6-gke.1700",
              "1.19.6-gke.1100",
              "1.19.6-gke.600",
              "1.18.20-gke.6101",
              "1.18.20-gke.6000",
              "1.18.20-gke.4501",
              "1.18.20-gke.4500",
              "1.18.20-gke.4100",
              "1.18.20-gke.3300",
              "1.18.20-gke.3001",
              "1.18.20-gke.3000",
              "1.18.20-gke.2300",
              "1.18.20-gke.901",
              "1.18.20-gke.900",
              "1.18.20-gke.501",
              "1.18.19-gke.2101",
              "1.18.19-gke.2100",
              "1.18.19-gke.1701",
              "1.18.19-gke.1700",
              "1.18.18-gke.1701",
              "1.18.18-gke.1700",
              "1.18.18-gke.1101",
              "1.18.18-gke.1100",
              "1.18.17-gke.1901",
              "1.18.17-gke.1900",
              "1.18.17-gke.1201",
              "1.18.17-gke.1200",
              "1.18.17-gke.700",
              "1.18.17-gke.100",
              "1.18.16-gke.2100",
              "1.18.16-gke.1201",
              "1.18.16-gke.1200",
              "1.18.16-gke.502",
              "1.18.16-gke.500",
              "1.18.16-gke.302",
              "1.18.16-gke.300",
              "1.18.15-gke.2500",
              "1.18.15-gke.1502",
              "1.18.15-gke.1501",
              "1.18.15-gke.1500",
              "1.18.15-gke.1102",
              "1.18.15-gke.1100",
              "1.18.15-gke.800",
              "1.18.14-gke.1600",
              "1.18.14-gke.1200",
              "1.18.12-gke.1210",
              "1.18.12-gke.1206",
              "1.18.12-gke.1205",
              "1.18.12-gke.1201",
              "1.18.12-gke.1200",
              "1.18.12-gke.300",
              "1.18.10-gke.2701",
              "1.18.10-gke.2101",
              "1.18.10-gke.1500",
              "1.18.10-gke.601",
              "1.18.9-gke.2501",
              "1.18.9-gke.1501",
              "1.18.9-gke.801",
              "1.18.6-gke.4801",
              "1.18.6-gke.3504",
              "1.18.6-gke.3503",
              "1.17.17-gke.9100",
              "1.17.17-gke.8500",
              "1.17.17-gke.8200",
              "1.17.17-gke.7800",
              "1.17.17-gke.7200",
              "1.17.17-gke.6700",
              "1.17.17-gke.6000",
              "1.17.17-gke.5400",
              "1.17.17-gke.4900",
              "1.17.17-gke.4400",
              "1.17.17-gke.3700",
              "1.17.17-gke.3000",
              "1.17.17-gke.2800",
              "1.17.17-gke.2500",
              "1.17.17-gke.1500",
              "1.17.17-gke.1101",
              "1.17.17-gke.1100",
              "1.17.17-gke.600",
              "1.17.16-gke.1600",
              "1.17.16-gke.1300",
              "1.17.15-gke.800",
              "1.17.15-gke.300",
              "1.17.14-gke.1600",
              "1.17.14-gke.1200",
              "1.17.14-gke.400",
              "1.17.13-gke.2600",
              "1.17.13-gke.2001",
              "1.17.13-gke.1401",
              "1.17.13-gke.1400",
              "1.17.13-gke.600",
              "1.17.12-gke.2502",
              "1.17.12-gke.1504",
              "1.17.12-gke.1501",
              "1.17.12-gke.500",
              "1.17.9-gke.6300",
              "1.17.9-gke.1504",
              "1.16.15-gke.14800",
              "1.16.15-gke.12500",
              "1.16.15-gke.11800",
              "1.16.15-gke.10600",
              "1.16.15-gke.7801",
              "1.16.15-gke.7800",
              "1.16.15-gke.7300",
              "1.16.15-gke.6900",
              "1.16.15-gke.6000",
              "1.16.15-gke.5500",
              "1.16.15-gke.4901",
              "1.16.15-gke.4301",
              "1.16.15-gke.4300",
              "1.16.15-gke.3500",
              "1.16.15-gke.2601",
              "1.16.15-gke.1600",
              "1.16.15-gke.500",
              "1.16.13-gke.404",
              "1.16.13-gke.403",
              "1.16.13-gke.401",
              "1.16.13-gke.400",
              "1.16.13-gke.1",
              "1.16.11-gke.5",
              "1.16.10-gke.8",
              "1.16.9-gke.6",
              "1.16.9-gke.2",
              "1.16.8-gke.15",
              "1.16.8-gke.12",
              "1.16.8-gke.9",
              "1.15.12-gke.6002",
              "1.15.12-gke.6001",
              "1.15.12-gke.5000",
              "1.15.12-gke.4002",
              "1.15.12-gke.4000",
              "1.15.12-gke.20",
              "1.15.12-gke.17",
              "1.15.12-gke.16",
              "1.15.12-gke.13",
              "1.15.12-gke.9",
              "1.15.12-gke.6",
              "1.15.12-gke.3",
              "1.15.12-gke.2",
              "1.15.11-gke.17",
              "1.15.11-gke.15",
              "1.15.11-gke.13",
              "1.15.11-gke.12",
              "1.15.11-gke.11",
              "1.15.11-gke.9",
              "1.15.11-gke.5",
              "1.15.11-gke.3",
              "1.15.11-gke.1",
              "1.15.9-gke.26",
              "1.15.9-gke.24",
              "1.15.9-gke.22",
              "1.15.9-gke.12",
              "1.15.9-gke.9",
              "1.15.9-gke.8",
              "1.15.8-gke.3",
              "1.15.8-gke.2",
              "1.15.7-gke.23",
              "1.15.7-gke.2",
              "1.15.4-gke.22",
              "1.14.10-gke.1504",
              "1.14.10-gke.902",
              "1.14.10-gke.50",
              "1.14.10-gke.46",
              "1.14.10-gke.45",
              "1.14.10-gke.42",
              "1.14.10-gke.41",
              "1.14.10-gke.40",
              "1.14.10-gke.37",
              "1.14.10-gke.36",
              "1.14.10-gke.34",
              "1.14.10-gke.32",
              "1.14.10-gke.31",
              "1.14.10-gke.27",
              "1.14.10-gke.24",
              "1.14.10-gke.22",
              "1.14.10-gke.21",
              "1.14.10-gke.17",
              "1.14.10-gke.0",
              "1.14.9-gke.23",
              "1.14.9-gke.2",
              "1.14.9-gke.0",
              "1.14.8-gke.33",
              "1.14.8-gke.21",
              "1.14.8-gke.18",
              "1.14.8-gke.17",
              "1.14.8-gke.14",
              "1.14.8-gke.12",
              "1.14.8-gke.7",
              "1.14.8-gke.2",
              "1.14.7-gke.40",
              "1.14.7-gke.25",
              "1.14.7-gke.23",
              "1.14.7-gke.17",
              "1.14.7-gke.14",
              "1.14.7-gke.10",
              "1.14.6-gke.13",
              "1.14.6-gke.2",
              "1.14.6-gke.1",
              "1.14.3-gke.11",
              "1.14.3-gke.10",
              "1.14.3-gke.9",
              "1.14.2-gke.9",
              "1.14.1-gke.5",
              "1.13.12-gke.30",
              "1.13.12-gke.25",
              "1.13.12-gke.17",
              "1.13.12-gke.16",
              "1.13.12-gke.14",
              "1.13.12-gke.13",
              "1.13.12-gke.10",
              "1.13.12-gke.8",
              "1.13.12-gke.4",
              "1.13.12-gke.2",
              "1.13.11-gke.23",
              "1.13.11-gke.15",
              "1.13.11-gke.14",
              "1.13.11-gke.12",
              "1.13.11-gke.11",
              "1.13.11-gke.9",
              "1.13.11-gke.5",
              "1.13.10-gke.7",
              "1.13.10-gke.0",
              "1.13.9-gke.11",
              "1.13.9-gke.3",
              "1.13.7-gke.24",
              "1.13.7-gke.19",
              "1.13.7-gke.15",
              "1.13.7-gke.8",
              "1.13.7-gke.0",
              "1.13.6-gke.13",
              "1.13.6-gke.6",
              "1.13.6-gke.5",
              "1.13.6-gke.0",
              "1.13.5-gke.10",
              "1.12.10-gke.22",
              "1.12.10-gke.20",
              "1.12.10-gke.19",
              "1.12.10-gke.18",
              "1.12.10-gke.17",
              "1.12.10-gke.15",
              "1.12.10-gke.13",
              "1.12.10-gke.11",
              "1.12.10-gke.5",
              "1.12.9-gke.16",
              "1.12.9-gke.15",
              "1.12.9-gke.13",
              "1.12.9-gke.10",
              "1.12.9-gke.7",
              "1.12.9-gke.3",
              "1.12.8-gke.12",
              "1.12.8-gke.10",
              "1.12.8-gke.7",
              "1.12.8-gke.6",
              "1.12.7-gke.26",
              "1.12.7-gke.25",
              "1.12.7-gke.24",
              "1.12.7-gke.22",
              "1.12.7-gke.21",
              "1.12.7-gke.17",
              "1.12.7-gke.10",
              "1.12.7-gke.7",
              "1.12.6-gke.11",
              "1.12.6-gke.10",
              "1.12.6-gke.7",
              "1.12.5-gke.10",
              "1.12.5-gke.5",
              "1.11.10-gke.6",
              "1.11.10-gke.5"
            ],
            "version_prefix": null
          },
          "sensitive_attributes": []
        }
      ]
    },
    {
      "module": "module.gke",
      "mode": "managed",
      "type": "google_container_cluster",
      "name": "primary",
      "provider": "provider[\"registry.terraform.io/hashicorp/google\"]",
      "instances": [
        {
          "schema_version": 1,
          "attributes": {
            "addons_config": [
              {
                "cloudrun_config": [],
                "config_connector_config": [],
                "dns_cache_config": [
                  {
                    "enabled": false
                  }
                ],
                "gce_persistent_disk_csi_driver_config": [
                  {
                    "enabled": true
                  }
                ],
                "gcp_filestore_csi_driver_config": [
                  {
                    "enabled": false
                  }
                ],
                "gke_backup_agent_config": [
                  {
                    "enabled": false
                  }
                ],
                "horizontal_pod_autoscaling": [
                  {
                    "disabled": true
                  }
                ],
                "http_load_balancing": [
                  {
                    "disabled": true
                  }
                ],
                "network_policy_config": [
                  {
                    "disabled": true
                  }
                ]
              }
            ],
            "authenticator_groups_config": [],
            "binary_authorization": [
              {
                "enabled": false,
                "evaluation_mode": ""
              }
            ],
            "cluster_autoscaling": [
              {
                "auto_provisioning_defaults": [],
                "enabled": false,
                "resource_limits": []
              }
            ],
            "cluster_ipv4_cidr": "10.20.0.0/16",
            "confidential_nodes": [],
            "cost_management_config": [],
            "database_encryption": [
              {
                "key_name": "",
                "state": "DECRYPTED"
              }
            ],
            "datapath_provider": "",
            "default_max_pods_per_node": 110,
            "default_snat_status": [
              {
                "disabled": false
              }
            ],
            "description": "",
            "dns_config": [],
            "enable_autopilot": false,
            "enable_binary_authorization": false,
            "enable_intranode_visibility": false,
            "enable_kubernetes_alpha": false,
            "enable_l4_ilb_subsetting": false,
            "enable_legacy_abac": false,
            "enable_shielded_nodes": true,
            "enable_tpu": false,
            "endpoint": "34.89.27.112",
            "gateway_api_config": [],
            "id": "projects/kloia-challenge/locations/europe-west2/clusters/gke-terraform-project-dev",
            "initial_node_count": 0,
            "ip_allocation_policy": [
              {
                "cluster_ipv4_cidr_block": "10.20.0.0/16",
                "cluster_secondary_range_name": "ip-range-pods",
                "pod_cidr_overprovision_config": [
                  {
                    "disabled": false
                  }
                ],
                "services_ipv4_cidr_block": "10.30.0.0/16",
                "services_secondary_range_name": "ip-range-services",
                "stack_type": "IPV4"
              }
            ],
            "label_fingerprint": "a9dc16a7",
            "location": "europe-west2",
            "logging_config": [
              {
                "enable_components": [
                  "SYSTEM_COMPONENTS",
                  "WORKLOADS"
                ]
              }
            ],
            "logging_service": "logging.googleapis.com/kubernetes",
            "maintenance_policy": [
              {
                "daily_maintenance_window": [
                  {
                    "duration": "PT4H0M0S",
                    "start_time": "05:00"
                  }
                ],
                "maintenance_exclusion": [],
                "recurring_window": []
              }
            ],
            "master_auth": [
              {
                "client_certificate": "",
                "client_certificate_config": [
                  {
                    "issue_client_certificate": false
                  }
                ],
                "client_key": "",
                "cluster_ca_certificate": "LS0tLS1CRUdJTiBDRVJUSUZJQ0FURS0tLS0tCk1JSUVMRENDQXBTZ0F3SUJBZ0lRSlJUVGhHZzR6Qko5Q0lVTTZJUGpsVEFOQmdrcWhraUc5dzBCQVFzRkFEQXYKTVMwd0t3WURWUVFERXlRMk1ERTBaR1pqTnkwNU1HWmtMVFF6WlRFdFlqY3haUzAyWXpFME16RmlNakZtTkRVdwpJQmNOTWpNeE1ERTBNRGd3T1RNM1doZ1BNakExTXpFd01EWXdPVEE1TXpkYU1DOHhMVEFyQmdOVkJBTVRKRFl3Ck1UUmtabU0zTFRrd1ptUXRORE5sTVMxaU56RmxMVFpqTVRRek1XSXlNV1kwTlRDQ0FhSXdEUVlKS29aSWh2Y04KQVFFQkJRQURnZ0dQQURDQ0FZb0NnZ0dCQU1GNWZYd09reTJaVTlhVm9CUVhsblh0eWliNlZJdW1NeGRKaXRGeQpodGtGZFlWM1c2Tm1wWDVJTGJIZ3Z1dmpqczVzM0d2MmRERHZDcGFjRTlRYlAwUER0KzcvWGFFVHEvNC9HYllLClVTd2VFT3I4YUROQU1paTZJRjRQRjdpZndtcUFtTXFIemlvZ25hRFRvSVdlYVpkYTlSV25zQUlUdU4vdEZHWW4KendoMzFxTXRIbHJ6T1RGQzVkalRqaHRRK2k5WWpNaDZPTys4VG1wdnIrcEo0a2VyK1UyMTYydUJkOEpWQURYKwpVejlLazREMktCVTdzZ0pmblhrODNDT0FnUGQwbGxoUFNEWDNtRDJucjNMNzBSMkc3YzZWNXpMbDlNK0tZais3CkFYNWp5clZmeVBQZVFrRTR1OE9KZEwxeWQzT00ydDZkWmpvQUxUam9QQkg1engwRm9lNTNKdERsSUczS0lzc1oKRklXeEx3K2lCd2oyb0ZvUUoyOXNuWGVoNlJjc0V2MTZNY1hFQUFGL01lNDNsbDVVNlB2Z205S1BXVFBxdUxPZgo1NXlkMXhQUVNLSG80TndtQzdqTjF2a001b2RDRFpHV084c2hrRVhoZ0lRd1c3ZHp0SFpNOHZKRndaOGsxeVFOCnFWOS83bUZnTGovS3krSVN5VkxpWUU5cVp3SURBUUFCbzBJd1FEQU9CZ05WSFE4QkFmOEVCQU1DQWdRd0R3WUQKVlIwVEFRSC9CQVV3QXdFQi96QWRCZ05WSFE0RUZnUVVuZmMxRGNadW5USHQwaXovOVltTGJRMUJjelV3RFFZSgpLb1pJaHZjTkFRRUxCUUFEZ2dHQkFCaW54RGVnNGhmQngxcXRwZDJiR3RWVVdiRk1ib3VIbnJ4YktrczYyRHdwCmdzVnNUellEQ0ZvVzNzQlRPalJwSjdmYmY0RUJLclIya2JtTlUzckY1NTQwcUlmUStvMGkwazBPUE9URGxocVMKbjl0TFVRR2JyT2U5TmhBZlpzeXlIRnB5VFlHdDhpWnMvTlc1S2Nzb3k0S3FESXhVS2ZDTTBMTnlDNWhvZzZlZgpEUm1ubVVEM1c5ZklQUlQrTnZNcVF2T2hpUlcvR09EQUdpNUY0a0hjWUxMWkpMd0U4Y2pRdVpsOFlhYW9yWEc1CkRFSzBpUkdBc0VwVGcxS2E0MXA0NDU1ZFRwWEtTdUR6QXZBa2RRanF1TDRTejZuUU9HOC9URXZWSE9FRUpaQVMKQmNwSWhyOXl4dDVhRkVqQzQrSHZuZnVLZjNOelpLY1N6V1BqSlhWSDVCc0Z4YmJPeS8yS3lvNTlJM2lLYlVqVQpReWlYRHdOY0RpR0UyWGlveU1jY1F2eUdVMUFIaUNuWm04TVBaSVlCYzRnYUo1Zk9BYlNKSWJlWUwyamxXekF4CmtQZjNIb3hTNFB5MXl3SzdiL2tQSEo4MUxzaGloOWF3UXgvTDlXa1JTenJPbEZIUDZOeTY0NDVBd3NyNVA3MGMKM0VvaFR3RmtiWUZMSmZYMWdrQ3NoUT09Ci0tLS0tRU5EIENFUlRJRklDQVRFLS0tLS0K"
              }
            ],
            "master_authorized_networks_config": [],
            "master_version": "1.27.3-gke.100",
            "mesh_certificates": [],
            "min_master_version": null,
            "monitoring_config": [
              {
                "enable_components": [
                  "SYSTEM_COMPONENTS"
                ],
                "managed_prometheus": [
                  {
                    "enabled": true
                  }
                ]
              }
            ],
            "monitoring_service": "monitoring.googleapis.com/kubernetes",
            "name": "gke-terraform-project-dev",
            "network": "projects/kloia-challenge/global/networks/gke-network-dev",
            "network_policy": [
              {
                "enabled": false,
                "provider": "PROVIDER_UNSPECIFIED"
              }
            ],
            "networking_mode": "VPC_NATIVE",
            "node_config": [
              {
                "advanced_machine_features": [],
                "boot_disk_kms_key": "",
                "disk_size_gb": 100,
                "disk_type": "pd-balanced",
                "ephemeral_storage_local_ssd_config": [],
                "gcfs_config": [],
                "guest_accelerator": [],
                "gvnic": [],
                "image_type": "COS_CONTAINERD",
                "kubelet_config": [],
                "labels": {},
                "linux_node_config": [],
                "local_nvme_ssd_block_config": [],
                "local_ssd_count": 0,
                "logging_variant": "DEFAULT",
                "machine_type": "e2-standard-2",
                "metadata": {
                  "disable-legacy-endpoints": "true"
                },
                "min_cpu_platform": "",
                "node_group": "",
                "oauth_scopes": [
                  "https://www.googleapis.com/auth/cloud-platform",
                  "https://www.googleapis.com/auth/userinfo.email"
                ],
                "preemptible": false,
                "reservation_affinity": [],
                "resource_labels": {},
                "service_account": "test-165@kloia-challenge.iam.gserviceaccount.com",
                "shielded_instance_config": [
                  {
                    "enable_integrity_monitoring": true,
                    "enable_secure_boot": false
                  }
                ],
                "spot": false,
                "tags": [
                  "gke-gke-terraform-project-dev",
                  "gke-gke-terraform-project-dev-default-pool",
                  "node-pool"
                ],
                "taint": [],
                "workload_metadata_config": [
                  {
                    "mode": "GKE_METADATA"
                  }
                ]
              }
            ],
            "node_locations": [
              "europe-west2-a",
              "europe-west2-b"
            ],
            "node_pool": [
              {
                "autoscaling": [],
                "initial_node_count": 0,
                "instance_group_urls": [
                  "https://www.googleapis.com/compute/v1/projects/kloia-challenge/zones/europe-west2-a/instanceGroupManagers/gke-gke-terraform-projec-default-pool-a9719320-grp",
                  "https://www.googleapis.com/compute/v1/projects/kloia-challenge/zones/europe-west2-b/instanceGroupManagers/gke-gke-terraform-projec-default-pool-5b7f8498-grp"
                ],
                "managed_instance_group_urls": [
                  "https://www.googleapis.com/compute/v1/projects/kloia-challenge/zones/europe-west2-a/instanceGroups/gke-gke-terraform-projec-default-pool-a9719320-grp",
                  "https://www.googleapis.com/compute/v1/projects/kloia-challenge/zones/europe-west2-b/instanceGroups/gke-gke-terraform-projec-default-pool-5b7f8498-grp"
                ],
                "management": [
                  {
                    "auto_repair": true,
                    "auto_upgrade": true
                  }
                ],
                "max_pods_per_node": 110,
                "name": "default-pool",
                "name_prefix": "",
                "network_config": [
                  {
                    "create_pod_range": false,
                    "enable_private_nodes": false,
                    "pod_cidr_overprovision_config": [],
                    "pod_ipv4_cidr_block": "10.20.0.0/16",
                    "pod_range": "ip-range-pods"
                  }
                ],
                "node_config": [
                  {
                    "advanced_machine_features": [],
                    "boot_disk_kms_key": "",
                    "disk_size_gb": 100,
                    "disk_type": "pd-balanced",
                    "ephemeral_storage_local_ssd_config": [],
                    "gcfs_config": [],
                    "guest_accelerator": [],
                    "gvnic": [],
                    "image_type": "COS_CONTAINERD",
                    "kubelet_config": [],
                    "labels": {},
                    "linux_node_config": [],
                    "local_nvme_ssd_block_config": [],
                    "local_ssd_count": 0,
                    "logging_variant": "DEFAULT",
                    "machine_type": "e2-standard-2",
                    "metadata": {
                      "disable-legacy-endpoints": "true"
                    },
                    "min_cpu_platform": "",
                    "node_group": "",
                    "oauth_scopes": [
                      "https://www.googleapis.com/auth/cloud-platform",
                      "https://www.googleapis.com/auth/userinfo.email"
                    ],
                    "preemptible": false,
                    "reservation_affinity": [],
                    "resource_labels": null,
                    "service_account": "test-165@kloia-challenge.iam.gserviceaccount.com",
                    "shielded_instance_config": [
                      {
                        "enable_integrity_monitoring": true,
                        "enable_secure_boot": false
                      }
                    ],
                    "spot": false,
                    "tags": [
                      "gke-gke-terraform-project-dev",
                      "gke-gke-terraform-project-dev-default-pool",
                      "node-pool"
                    ],
                    "taint": [],
                    "workload_metadata_config": [
                      {
                        "mode": "GKE_METADATA"
                      }
                    ]
                  }
                ],
                "node_count": 0,
                "node_locations": [
                  "europe-west2-a",
                  "europe-west2-b"
                ],
                "placement_policy": [],
                "upgrade_settings": [
                  {
                    "blue_green_settings": [],
                    "max_surge": 1,
                    "max_unavailable": 0,
                    "strategy": "SURGE"
                  }
                ],
                "version": "1.27.3-gke.100"
              }
            ],
            "node_pool_defaults": [
              {
                "node_config_defaults": [
                  {
                    "logging_variant": "DEFAULT"
                  }
                ]
              }
            ],
            "node_version": "1.27.3-gke.100",
            "notification_config": [
              {
                "pubsub": [
                  {
                    "enabled": false,
                    "filter": [],
                    "topic": ""
                  }
                ]
              }
            ],
            "operation": null,
            "private_cluster_config": [
              {
                "enable_private_endpoint": false,
                "enable_private_nodes": false,
                "master_global_access_config": [
                  {
                    "enabled": false
                  }
                ],
                "master_ipv4_cidr_block": "",
                "peering_name": "",
                "private_endpoint": "10.10.0.2",
                "private_endpoint_subnetwork": "",
                "public_endpoint": "34.89.27.112"
              }
            ],
            "private_ipv6_google_access": "",
            "project": "kloia-challenge",
            "release_channel": [
              {
                "channel": "REGULAR"
              }
            ],
            "remove_default_node_pool": false,
            "resource_labels": null,
            "resource_usage_export_config": [],
            "self_link": "https://container.googleapis.com/v1/projects/kloia-challenge/locations/europe-west2/clusters/gke-terraform-project-dev",
            "service_external_ips_config": [
              {
                "enabled": false
              }
            ],
            "services_ipv4_cidr": "10.30.0.0/16",
            "subnetwork": "projects/kloia-challenge/regions/europe-west2/subnetworks/gke-subnet-dev",
            "timeouts": {
              "create": "45m",
              "delete": "45m",
              "read": null,
              "update": "45m"
            },
            "tpu_ipv4_cidr_block": "",
            "vertical_pod_autoscaling": [
              {
                "enabled": false
              }
            ],
            "workload_identity_config": [
              {
                "workload_pool": "kloia-challenge.svc.id.goog"
              }
            ]
          },
          "sensitive_attributes": [],
          "private": "eyJlMmJmYjczMC1lY2FhLTExZTYtOGY4OC0zNDM2M2JjN2M0YzAiOnsiY3JlYXRlIjoyNzAwMDAwMDAwMDAwLCJkZWxldGUiOjI3MDAwMDAwMDAwMDAsInJlYWQiOjI0MDAwMDAwMDAwMDAsInVwZGF0ZSI6MjcwMDAwMDAwMDAwMH0sInNjaGVtYV92ZXJzaW9uIjoiMSJ9",
          "dependencies": [
            "module.gcp-network.module.firewall_rules.google_compute_firewall.rules",
            "module.gcp-network.module.routes.google_compute_route.route",
            "module.gcp-network.module.subnets.google_compute_subnetwork.subnetwork",
            "module.gcp-network.module.vpc.google_compute_network.network",
            "module.gcp-network.module.vpc.google_compute_shared_vpc_host_project.shared_vpc_host",
            "module.gke.data.google_compute_zones.available",
            "module.gke.data.google_container_engine_versions.region",
            "module.gke.data.google_container_engine_versions.zone",
            "module.gke.google_service_account.cluster_service_account",
            "module.gke.random_shuffle.available_zones"
          ]
        }
      ]
    },
    {
      "module": "module.gke",
      "mode": "managed",
      "type": "google_container_node_pool",
      "name": "pools",
      "provider": "provider[\"registry.terraform.io/hashicorp/google\"]",
      "instances": [
        {
          "index_key": "node-pool",
          "schema_version": 1,
          "attributes": {
            "autoscaling": [
              {
                "location_policy": "BALANCED",
                "max_node_count": 5,
                "min_node_count": 2,
                "total_max_node_count": 0,
                "total_min_node_count": 0
              }
            ],
            "cluster": "gke-terraform-project-dev",
            "id": "projects/kloia-challenge/locations/europe-west2/clusters/gke-terraform-project-dev/nodePools/node-pool",
            "initial_node_count": 2,
            "instance_group_urls": [
              "https://www.googleapis.com/compute/v1/projects/kloia-challenge/zones/europe-west2-b/instanceGroupManagers/gke-gke-terraform-project-d-node-pool-143d246d-grp",
              "https://www.googleapis.com/compute/v1/projects/kloia-challenge/zones/europe-west2-c/instanceGroupManagers/gke-gke-terraform-project-d-node-pool-e7fe1ce4-grp"
            ],
            "location": "europe-west2",
            "managed_instance_group_urls": [
              "https://www.googleapis.com/compute/v1/projects/kloia-challenge/zones/europe-west2-b/instanceGroups/gke-gke-terraform-project-d-node-pool-143d246d-grp",
              "https://www.googleapis.com/compute/v1/projects/kloia-challenge/zones/europe-west2-c/instanceGroups/gke-gke-terraform-project-d-node-pool-e7fe1ce4-grp"
            ],
            "management": [
              {
                "auto_repair": true,
                "auto_upgrade": true
              }
            ],
            "max_pods_per_node": 110,
            "name": "node-pool",
            "name_prefix": "",
            "network_config": [
              {
                "create_pod_range": false,
                "enable_private_nodes": false,
                "pod_cidr_overprovision_config": [],
                "pod_ipv4_cidr_block": "10.20.0.0/16",
                "pod_range": "ip-range-pods"
              }
            ],
            "node_config": [
              {
                "advanced_machine_features": [],
                "boot_disk_kms_key": "",
                "disk_size_gb": 30,
                "disk_type": "pd-standard",
                "ephemeral_storage_local_ssd_config": [],
                "gcfs_config": [],
                "guest_accelerator": [],
                "gvnic": [],
                "image_type": "COS_CONTAINERD",
                "kubelet_config": [],
                "labels": {
                  "cluster_name": "gke-terraform-project-dev",
                  "node_pool": "node-pool"
                },
                "linux_node_config": [],
                "local_nvme_ssd_block_config": [],
                "local_ssd_count": 0,
                "logging_variant": "DEFAULT",
                "machine_type": "e2-standard-2",
                "metadata": {
                  "cluster_name": "gke-terraform-project-dev",
                  "disable-legacy-endpoints": "true",
                  "node-pool-metadata-custom-value": "node-pool",
                  "node_pool": "node-pool",
                  "shutdown-script": "kubectl --kubeconfig=/var/lib/kubelet/kubeconfig drain --force=true --ignore-daemonsets=true --delete-local-data \"$HOSTNAME\""
                },
                "min_cpu_platform": "",
                "node_group": "",
                "oauth_scopes": [
                  "https://www.googleapis.com/auth/devstorage.read_only",
                  "https://www.googleapis.com/auth/logging.write",
                  "https://www.googleapis.com/auth/monitoring",
                  "https://www.googleapis.com/auth/service.management.readonly",
                  "https://www.googleapis.com/auth/servicecontrol",
                  "https://www.googleapis.com/auth/trace.append"
                ],
                "preemptible": false,
                "reservation_affinity": [],
                "resource_labels": null,
                "service_account": "test-165@kloia-challenge.iam.gserviceaccount.com",
                "shielded_instance_config": [
                  {
                    "enable_integrity_monitoring": true,
                    "enable_secure_boot": false
                  }
                ],
                "spot": false,
                "tags": [
                  "gke-gke-terraform-project-dev",
                  "gke-gke-terraform-project-dev-node-pool",
                  "node-pool"
                ],
                "taint": [
                  {
                    "effect": "PREFER_NO_SCHEDULE",
                    "key": "node-pool",
                    "value": "true"
                  }
                ],
                "workload_metadata_config": [
                  {
                    "mode": "GKE_METADATA"
                  }
                ]
              }
            ],
            "node_count": 2,
            "node_locations": [
              "europe-west2-b",
              "europe-west2-c"
            ],
            "operation": null,
            "placement_policy": [],
            "project": "kloia-challenge",
            "timeouts": {
              "create": "45m",
              "delete": "45m",
              "update": "45m"
            },
            "upgrade_settings": [
              {
                "blue_green_settings": [],
                "max_surge": 1,
                "max_unavailable": 0,
                "strategy": "SURGE"
              }
            ],
            "version": "1.27.3-gke.100"
          },
          "sensitive_attributes": [],
          "private": "eyJlMmJmYjczMC1lY2FhLTExZTYtOGY4OC0zNDM2M2JjN2M0YzAiOnsiY3JlYXRlIjoyNzAwMDAwMDAwMDAwLCJkZWxldGUiOjI3MDAwMDAwMDAwMDAsInVwZGF0ZSI6MjcwMDAwMDAwMDAwMH0sInNjaGVtYV92ZXJzaW9uIjoiMSJ9",
          "dependencies": [
            "module.gcp-network.module.firewall_rules.google_compute_firewall.rules",
            "module.gcp-network.module.routes.google_compute_route.route",
            "module.gcp-network.module.subnets.google_compute_subnetwork.subnetwork",
            "module.gcp-network.module.vpc.google_compute_network.network",
            "module.gcp-network.module.vpc.google_compute_shared_vpc_host_project.shared_vpc_host",
            "module.gke.data.google_compute_zones.available",
            "module.gke.data.google_container_engine_versions.region",
            "module.gke.data.google_container_engine_versions.zone",
            "module.gke.google_container_cluster.primary",
            "module.gke.google_service_account.cluster_service_account",
            "module.gke.random_shuffle.available_zones"
          ]
        }
      ]
    },
    {
      "module": "module.gke",
      "mode": "managed",
      "type": "random_shuffle",
      "name": "available_zones",
      "provider": "provider[\"registry.terraform.io/hashicorp/random\"]",
      "instances": [
        {
          "schema_version": 0,
          "attributes": {
            "id": "-",
            "input": [
              "europe-west2-a",
              "europe-west2-b",
              "europe-west2-c"
            ],
            "keepers": null,
            "result": [
              "europe-west2-c",
              "europe-west2-a",
              "europe-west2-b"
            ],
            "result_count": 3,
            "seed": null
          },
          "sensitive_attributes": [],
          "dependencies": [
            "module.gcp-network.module.firewall_rules.google_compute_firewall.rules",
            "module.gcp-network.module.routes.google_compute_route.route",
            "module.gcp-network.module.subnets.google_compute_subnetwork.subnetwork",
            "module.gcp-network.module.vpc.google_compute_network.network",
            "module.gcp-network.module.vpc.google_compute_shared_vpc_host_project.shared_vpc_host",
            "module.gke.data.google_compute_zones.available"
          ]
        }
      ]
    },
    {
      "module": "module.gke",
      "mode": "managed",
      "type": "random_string",
      "name": "cluster_service_account_suffix",
      "provider": "provider[\"registry.terraform.io/hashicorp/random\"]",
      "instances": [
        {
          "schema_version": 2,
          "attributes": {
            "id": "30aj",
            "keepers": null,
            "length": 4,
            "lower": true,
            "min_lower": 0,
            "min_numeric": 0,
            "min_special": 0,
            "min_upper": 0,
            "number": true,
            "numeric": true,
            "override_special": null,
            "result": "30aj",
            "special": false,
            "upper": false
          },
          "sensitive_attributes": [],
          "dependencies": [
            "module.gcp-network.module.firewall_rules.google_compute_firewall.rules",
            "module.gcp-network.module.routes.google_compute_route.route",
            "module.gcp-network.module.subnets.google_compute_subnetwork.subnetwork",
            "module.gcp-network.module.vpc.google_compute_network.network",
            "module.gcp-network.module.vpc.google_compute_shared_vpc_host_project.shared_vpc_host"
          ]
        }
      ]
    },
    {
      "module": "module.gke_auth",
      "mode": "data",
      "type": "google_client_config",
      "name": "provider",
      "provider": "provider[\"registry.terraform.io/hashicorp/google\"]",
      "instances": [
        {
          "schema_version": 0,
          "attributes": {
            "access_token": "ya29.c.c0AY_VpZhjX__vLMtJNTO5vmkVeJkJr8-aKCJCgCZLYJabh8CeU63yo4I67czMZVwHDiO7grL0ZMAvY2B8MXJ1BbzvYTp5PEmSSR9RleBanG6GcvsWtinOve8B7bVq8D6DsZHzoQcVa0KIJcBJoOemeUtOKKT4wgZLAdWuAXonW3KTZJSWq4DcZU3WQQiTnW29M9C8QJYAXhK_Uk6TDRVo3tT7l3MZdlFpKSDziif7jjKaYNfb0sqyIArCfAYIUOCIm2qyaGulb2_l1a00WM_4LcCZhnFTSmGqNhYYVhjxiQQyzOIu0qIzR6kHuzOJkRnLn6VGMSzHzfsITELt74xdAJ2grDQjeS5H1ze9Z0vj_G0WxZehUv1cwzrVvmYE388A5qu3FUF_0oi25Bv0WRtxBUUz_1ekwkhrI76Y2eqjvIJVO_J1aOpe0XX2YU2qOcb7eb32kB3vu7sboMF9d19u41JMiMJ5FwaVns9bO7vOd3lrYopsclMn_67p76u2l3S_5u98lvoOQxekMe_WQ6zc7J4niR-7OXM4gIpereuYOrJcm1JzIzVzzYw16QO5Jr_2i31pkXnR3Fxp768YrmlpdU_xtyFY5S9BabvtjxzkVxr_4BJJWJIZRMBndaexk34aZ--UW98XyBdy7es_fdQ9Ryn9Qn7F-6ZwI6eiwjmMb1Isxstkag2trnuRc0I59uSsnY8R7kxuorqF1apkVb4R-_U_9-YQbZoco5iujzs8s0Igxr_uqjdvt5tU7rlZgsu-UogvioZth3p8h8klqoulpuOrBXFrMvzUko9fI9hoXxnuuzwvMaIasnpsgX7Zrp7yMIQwr5p_VhOdraRsSeisVmvektpOZetF6kQa4I5OJVhtkbJ3oUwliBlw8_Ssqzz0Ozvuyod1BInwFVl38a44IBzpIB0mjn36ZV0t2RX1phfMn4Fzyktae8kz90Jt9tvksmoO2lzVffgQ4xF66maI5YMrUMjzm1QvJU4OmskF741OWFY4OaX1-Og",
            "id": "projects/\u003cnull\u003e/regions/\u003cnull\u003e/zones/\u003cnull\u003e",
            "project": null,
            "region": null,
            "zone": null
          },
          "sensitive_attributes": []
        }
      ]
    },
    {
      "module": "module.gke_auth",
      "mode": "data",
      "type": "google_container_cluster",
      "name": "gke_cluster",
      "provider": "provider[\"registry.terraform.io/hashicorp/google\"]",
      "instances": [
        {
          "schema_version": 0,
          "attributes": {
            "addons_config": [
              {
                "cloudrun_config": [],
                "config_connector_config": [],
                "dns_cache_config": [
                  {
                    "enabled": false
                  }
                ],
                "gce_persistent_disk_csi_driver_config": [
                  {
                    "enabled": true
                  }
                ],
                "gcp_filestore_csi_driver_config": [
                  {
                    "enabled": false
                  }
                ],
                "gke_backup_agent_config": [
                  {
                    "enabled": false
                  }
                ],
                "horizontal_pod_autoscaling": [
                  {
                    "disabled": true
                  }
                ],
                "http_load_balancing": [
                  {
                    "disabled": true
                  }
                ],
                "network_policy_config": [
                  {
                    "disabled": true
                  }
                ]
              }
            ],
            "authenticator_groups_config": [],
            "binary_authorization": [
              {
                "enabled": false,
                "evaluation_mode": ""
              }
            ],
            "cluster_autoscaling": [
              {
                "auto_provisioning_defaults": [],
                "enabled": false,
                "resource_limits": []
              }
            ],
            "cluster_ipv4_cidr": "10.20.0.0/16",
            "confidential_nodes": [],
            "cost_management_config": [],
            "database_encryption": [
              {
                "key_name": "",
                "state": "DECRYPTED"
              }
            ],
            "datapath_provider": "",
            "default_max_pods_per_node": 110,
            "default_snat_status": [
              {
                "disabled": false
              }
            ],
            "description": "",
            "dns_config": [],
            "enable_autopilot": false,
            "enable_binary_authorization": false,
            "enable_intranode_visibility": false,
            "enable_kubernetes_alpha": false,
            "enable_l4_ilb_subsetting": false,
            "enable_legacy_abac": false,
            "enable_shielded_nodes": true,
            "enable_tpu": false,
            "endpoint": "34.89.27.112",
            "gateway_api_config": [],
            "id": "projects/kloia-challenge/locations/europe-west2/clusters/gke-terraform-project-dev",
            "initial_node_count": 0,
            "ip_allocation_policy": [
              {
                "cluster_ipv4_cidr_block": "10.20.0.0/16",
                "cluster_secondary_range_name": "ip-range-pods",
                "pod_cidr_overprovision_config": [
                  {
                    "disabled": false
                  }
                ],
                "services_ipv4_cidr_block": "10.30.0.0/16",
                "services_secondary_range_name": "ip-range-services",
                "stack_type": "IPV4"
              }
            ],
            "label_fingerprint": "a9dc16a7",
            "location": "europe-west2",
            "logging_config": [
              {
                "enable_components": [
                  "SYSTEM_COMPONENTS",
                  "WORKLOADS"
                ]
              }
            ],
            "logging_service": "logging.googleapis.com/kubernetes",
            "maintenance_policy": [
              {
                "daily_maintenance_window": [
                  {
                    "duration": "PT4H0M0S",
                    "start_time": "05:00"
                  }
                ],
                "maintenance_exclusion": [],
                "recurring_window": []
              }
            ],
            "master_auth": [
              {
                "client_certificate": "",
                "client_certificate_config": [
                  {
                    "issue_client_certificate": false
                  }
                ],
                "client_key": "",
                "cluster_ca_certificate": "LS0tLS1CRUdJTiBDRVJUSUZJQ0FURS0tLS0tCk1JSUVMRENDQXBTZ0F3SUJBZ0lRSlJUVGhHZzR6Qko5Q0lVTTZJUGpsVEFOQmdrcWhraUc5dzBCQVFzRkFEQXYKTVMwd0t3WURWUVFERXlRMk1ERTBaR1pqTnkwNU1HWmtMVFF6WlRFdFlqY3haUzAyWXpFME16RmlNakZtTkRVdwpJQmNOTWpNeE1ERTBNRGd3T1RNM1doZ1BNakExTXpFd01EWXdPVEE1TXpkYU1DOHhMVEFyQmdOVkJBTVRKRFl3Ck1UUmtabU0zTFRrd1ptUXRORE5sTVMxaU56RmxMVFpqTVRRek1XSXlNV1kwTlRDQ0FhSXdEUVlKS29aSWh2Y04KQVFFQkJRQURnZ0dQQURDQ0FZb0NnZ0dCQU1GNWZYd09reTJaVTlhVm9CUVhsblh0eWliNlZJdW1NeGRKaXRGeQpodGtGZFlWM1c2Tm1wWDVJTGJIZ3Z1dmpqczVzM0d2MmRERHZDcGFjRTlRYlAwUER0KzcvWGFFVHEvNC9HYllLClVTd2VFT3I4YUROQU1paTZJRjRQRjdpZndtcUFtTXFIemlvZ25hRFRvSVdlYVpkYTlSV25zQUlUdU4vdEZHWW4KendoMzFxTXRIbHJ6T1RGQzVkalRqaHRRK2k5WWpNaDZPTys4VG1wdnIrcEo0a2VyK1UyMTYydUJkOEpWQURYKwpVejlLazREMktCVTdzZ0pmblhrODNDT0FnUGQwbGxoUFNEWDNtRDJucjNMNzBSMkc3YzZWNXpMbDlNK0tZais3CkFYNWp5clZmeVBQZVFrRTR1OE9KZEwxeWQzT00ydDZkWmpvQUxUam9QQkg1engwRm9lNTNKdERsSUczS0lzc1oKRklXeEx3K2lCd2oyb0ZvUUoyOXNuWGVoNlJjc0V2MTZNY1hFQUFGL01lNDNsbDVVNlB2Z205S1BXVFBxdUxPZgo1NXlkMXhQUVNLSG80TndtQzdqTjF2a001b2RDRFpHV084c2hrRVhoZ0lRd1c3ZHp0SFpNOHZKRndaOGsxeVFOCnFWOS83bUZnTGovS3krSVN5VkxpWUU5cVp3SURBUUFCbzBJd1FEQU9CZ05WSFE4QkFmOEVCQU1DQWdRd0R3WUQKVlIwVEFRSC9CQVV3QXdFQi96QWRCZ05WSFE0RUZnUVVuZmMxRGNadW5USHQwaXovOVltTGJRMUJjelV3RFFZSgpLb1pJaHZjTkFRRUxCUUFEZ2dHQkFCaW54RGVnNGhmQngxcXRwZDJiR3RWVVdiRk1ib3VIbnJ4YktrczYyRHdwCmdzVnNUellEQ0ZvVzNzQlRPalJwSjdmYmY0RUJLclIya2JtTlUzckY1NTQwcUlmUStvMGkwazBPUE9URGxocVMKbjl0TFVRR2JyT2U5TmhBZlpzeXlIRnB5VFlHdDhpWnMvTlc1S2Nzb3k0S3FESXhVS2ZDTTBMTnlDNWhvZzZlZgpEUm1ubVVEM1c5ZklQUlQrTnZNcVF2T2hpUlcvR09EQUdpNUY0a0hjWUxMWkpMd0U4Y2pRdVpsOFlhYW9yWEc1CkRFSzBpUkdBc0VwVGcxS2E0MXA0NDU1ZFRwWEtTdUR6QXZBa2RRanF1TDRTejZuUU9HOC9URXZWSE9FRUpaQVMKQmNwSWhyOXl4dDVhRkVqQzQrSHZuZnVLZjNOelpLY1N6V1BqSlhWSDVCc0Z4YmJPeS8yS3lvNTlJM2lLYlVqVQpReWlYRHdOY0RpR0UyWGlveU1jY1F2eUdVMUFIaUNuWm04TVBaSVlCYzRnYUo1Zk9BYlNKSWJlWUwyamxXekF4CmtQZjNIb3hTNFB5MXl3SzdiL2tQSEo4MUxzaGloOWF3UXgvTDlXa1JTenJPbEZIUDZOeTY0NDVBd3NyNVA3MGMKM0VvaFR3RmtiWUZMSmZYMWdrQ3NoUT09Ci0tLS0tRU5EIENFUlRJRklDQVRFLS0tLS0K"
              }
            ],
            "master_authorized_networks_config": [],
            "master_version": "1.27.3-gke.100",
            "mesh_certificates": [],
            "min_master_version": null,
            "monitoring_config": [
              {
                "enable_components": [
                  "SYSTEM_COMPONENTS"
                ],
                "managed_prometheus": [
                  {
                    "enabled": true
                  }
                ]
              }
            ],
            "monitoring_service": "monitoring.googleapis.com/kubernetes",
            "name": "gke-terraform-project-dev",
            "network": "projects/kloia-challenge/global/networks/gke-network-dev",
            "network_policy": [
              {
                "enabled": false,
                "provider": "PROVIDER_UNSPECIFIED"
              }
            ],
            "networking_mode": "VPC_NATIVE",
            "node_config": [
              {
                "advanced_machine_features": [],
                "boot_disk_kms_key": "",
                "disk_size_gb": 100,
                "disk_type": "pd-balanced",
                "ephemeral_storage_local_ssd_config": [],
                "gcfs_config": [],
                "guest_accelerator": [],
                "gvnic": [],
                "image_type": "COS_CONTAINERD",
                "kubelet_config": [],
                "labels": {},
                "linux_node_config": [],
                "local_nvme_ssd_block_config": [],
                "local_ssd_count": 0,
                "logging_variant": "DEFAULT",
                "machine_type": "e2-standard-2",
                "metadata": {
                  "disable-legacy-endpoints": "true"
                },
                "min_cpu_platform": "",
                "node_group": "",
                "oauth_scopes": [
                  "https://www.googleapis.com/auth/cloud-platform",
                  "https://www.googleapis.com/auth/userinfo.email"
                ],
                "preemptible": false,
                "reservation_affinity": [],
                "resource_labels": {},
                "service_account": "test-165@kloia-challenge.iam.gserviceaccount.com",
                "shielded_instance_config": [
                  {
                    "enable_integrity_monitoring": true,
                    "enable_secure_boot": false
                  }
                ],
                "spot": false,
                "tags": [
                  "gke-gke-terraform-project-dev",
                  "gke-gke-terraform-project-dev-default-pool",
                  "node-pool"
                ],
                "taint": [],
                "workload_metadata_config": [
                  {
                    "mode": "GKE_METADATA"
                  }
                ]
              }
            ],
            "node_locations": [
              "europe-west2-a",
              "europe-west2-b"
            ],
            "node_pool": [
              {
                "autoscaling": [],
                "initial_node_count": 0,
                "instance_group_urls": [
                  "https://www.googleapis.com/compute/v1/projects/kloia-challenge/zones/europe-west2-a/instanceGroupManagers/gke-gke-terraform-projec-default-pool-a9719320-grp",
                  "https://www.googleapis.com/compute/v1/projects/kloia-challenge/zones/europe-west2-b/instanceGroupManagers/gke-gke-terraform-projec-default-pool-5b7f8498-grp"
                ],
                "managed_instance_group_urls": [
                  "https://www.googleapis.com/compute/v1/projects/kloia-challenge/zones/europe-west2-a/instanceGroups/gke-gke-terraform-projec-default-pool-a9719320-grp",
                  "https://www.googleapis.com/compute/v1/projects/kloia-challenge/zones/europe-west2-b/instanceGroups/gke-gke-terraform-projec-default-pool-5b7f8498-grp"
                ],
                "management": [
                  {
                    "auto_repair": true,
                    "auto_upgrade": true
                  }
                ],
                "max_pods_per_node": 110,
                "name": "default-pool",
                "name_prefix": "",
                "network_config": [
                  {
                    "create_pod_range": false,
                    "enable_private_nodes": false,
                    "pod_cidr_overprovision_config": [],
                    "pod_ipv4_cidr_block": "10.20.0.0/16",
                    "pod_range": "ip-range-pods"
                  }
                ],
                "node_config": [
                  {
                    "advanced_machine_features": [],
                    "boot_disk_kms_key": "",
                    "disk_size_gb": 100,
                    "disk_type": "pd-balanced",
                    "ephemeral_storage_local_ssd_config": [],
                    "gcfs_config": [],
                    "guest_accelerator": [],
                    "gvnic": [],
                    "image_type": "COS_CONTAINERD",
                    "kubelet_config": [],
                    "labels": {},
                    "linux_node_config": [],
                    "local_nvme_ssd_block_config": [],
                    "local_ssd_count": 0,
                    "logging_variant": "DEFAULT",
                    "machine_type": "e2-standard-2",
                    "metadata": {
                      "disable-legacy-endpoints": "true"
                    },
                    "min_cpu_platform": "",
                    "node_group": "",
                    "oauth_scopes": [
                      "https://www.googleapis.com/auth/cloud-platform",
                      "https://www.googleapis.com/auth/userinfo.email"
                    ],
                    "preemptible": false,
                    "reservation_affinity": [],
                    "resource_labels": {},
                    "service_account": "test-165@kloia-challenge.iam.gserviceaccount.com",
                    "shielded_instance_config": [
                      {
                        "enable_integrity_monitoring": true,
                        "enable_secure_boot": false
                      }
                    ],
                    "spot": false,
                    "tags": [
                      "gke-gke-terraform-project-dev",
                      "gke-gke-terraform-project-dev-default-pool",
                      "node-pool"
                    ],
                    "taint": [],
                    "workload_metadata_config": [
                      {
                        "mode": "GKE_METADATA"
                      }
                    ]
                  }
                ],
                "node_count": 0,
                "node_locations": [
                  "europe-west2-a",
                  "europe-west2-b"
                ],
                "placement_policy": [],
                "upgrade_settings": [
                  {
                    "blue_green_settings": [],
                    "max_surge": 1,
                    "max_unavailable": 0,
                    "strategy": "SURGE"
                  }
                ],
                "version": "1.27.3-gke.100"
              },
              {
                "autoscaling": [
                  {
                    "location_policy": "BALANCED",
                    "max_node_count": 5,
                    "min_node_count": 2,
                    "total_max_node_count": 0,
                    "total_min_node_count": 0
                  }
                ],
                "initial_node_count": 2,
                "instance_group_urls": [
                  "https://www.googleapis.com/compute/v1/projects/kloia-challenge/zones/europe-west2-b/instanceGroupManagers/gke-gke-terraform-project-d-node-pool-143d246d-grp",
                  "https://www.googleapis.com/compute/v1/projects/kloia-challenge/zones/europe-west2-c/instanceGroupManagers/gke-gke-terraform-project-d-node-pool-e7fe1ce4-grp"
                ],
                "managed_instance_group_urls": [
                  "https://www.googleapis.com/compute/v1/projects/kloia-challenge/zones/europe-west2-b/instanceGroups/gke-gke-terraform-project-d-node-pool-143d246d-grp",
                  "https://www.googleapis.com/compute/v1/projects/kloia-challenge/zones/europe-west2-c/instanceGroups/gke-gke-terraform-project-d-node-pool-e7fe1ce4-grp"
                ],
                "management": [
                  {
                    "auto_repair": true,
                    "auto_upgrade": true
                  }
                ],
                "max_pods_per_node": 110,
                "name": "node-pool",
                "name_prefix": "",
                "network_config": [
                  {
                    "create_pod_range": false,
                    "enable_private_nodes": false,
                    "pod_cidr_overprovision_config": [],
                    "pod_ipv4_cidr_block": "10.20.0.0/16",
                    "pod_range": "ip-range-pods"
                  }
                ],
                "node_config": [
                  {
                    "advanced_machine_features": [],
                    "boot_disk_kms_key": "",
                    "disk_size_gb": 30,
                    "disk_type": "pd-standard",
                    "ephemeral_storage_local_ssd_config": [],
                    "gcfs_config": [],
                    "guest_accelerator": [],
                    "gvnic": [],
                    "image_type": "COS_CONTAINERD",
                    "kubelet_config": [],
                    "labels": {
                      "cluster_name": "gke-terraform-project-dev",
                      "node_pool": "node-pool"
                    },
                    "linux_node_config": [],
                    "local_nvme_ssd_block_config": [],
                    "local_ssd_count": 0,
                    "logging_variant": "DEFAULT",
                    "machine_type": "e2-standard-2",
                    "metadata": {
                      "cluster_name": "gke-terraform-project-dev",
                      "disable-legacy-endpoints": "true",
                      "node-pool-metadata-custom-value": "node-pool",
                      "node_pool": "node-pool",
                      "shutdown-script": "kubectl --kubeconfig=/var/lib/kubelet/kubeconfig drain --force=true --ignore-daemonsets=true --delete-local-data \"$HOSTNAME\""
                    },
                    "min_cpu_platform": "",
                    "node_group": "",
                    "oauth_scopes": [
                      "https://www.googleapis.com/auth/devstorage.read_only",
                      "https://www.googleapis.com/auth/logging.write",
                      "https://www.googleapis.com/auth/monitoring",
                      "https://www.googleapis.com/auth/service.management.readonly",
                      "https://www.googleapis.com/auth/servicecontrol",
                      "https://www.googleapis.com/auth/trace.append"
                    ],
                    "preemptible": false,
                    "reservation_affinity": [],
                    "resource_labels": {},
                    "service_account": "test-165@kloia-challenge.iam.gserviceaccount.com",
                    "shielded_instance_config": [
                      {
                        "enable_integrity_monitoring": true,
                        "enable_secure_boot": false
                      }
                    ],
                    "spot": false,
                    "tags": [
                      "gke-gke-terraform-project-dev",
                      "gke-gke-terraform-project-dev-node-pool",
                      "node-pool"
                    ],
                    "taint": [
                      {
                        "effect": "PREFER_NO_SCHEDULE",
                        "key": "node-pool",
                        "value": "true"
                      }
                    ],
                    "workload_metadata_config": [
                      {
                        "mode": "GKE_METADATA"
                      }
                    ]
                  }
                ],
                "node_count": 2,
                "node_locations": [
                  "europe-west2-b",
                  "europe-west2-c"
                ],
                "placement_policy": [],
                "upgrade_settings": [
                  {
                    "blue_green_settings": [],
                    "max_surge": 1,
                    "max_unavailable": 0,
                    "strategy": "SURGE"
                  }
                ],
                "version": "1.27.3-gke.100"
              }
            ],
            "node_pool_defaults": [
              {
                "node_config_defaults": [
                  {
                    "logging_variant": "DEFAULT"
                  }
                ]
              }
            ],
            "node_version": "1.27.3-gke.100",
            "notification_config": [
              {
                "pubsub": [
                  {
                    "enabled": false,
                    "filter": [],
                    "topic": ""
                  }
                ]
              }
            ],
            "operation": null,
            "private_cluster_config": [
              {
                "enable_private_endpoint": false,
                "enable_private_nodes": false,
                "master_global_access_config": [
                  {
                    "enabled": false
                  }
                ],
                "master_ipv4_cidr_block": "",
                "peering_name": "",
                "private_endpoint": "10.10.0.2",
                "private_endpoint_subnetwork": "",
                "public_endpoint": "34.89.27.112"
              }
            ],
            "private_ipv6_google_access": "",
            "project": "kloia-challenge",
            "release_channel": [
              {
                "channel": "REGULAR"
              }
            ],
            "remove_default_node_pool": null,
            "resource_labels": {},
            "resource_usage_export_config": [],
            "self_link": "https://container.googleapis.com/v1/projects/kloia-challenge/locations/europe-west2/clusters/gke-terraform-project-dev",
            "service_external_ips_config": [
              {
                "enabled": false
              }
            ],
            "services_ipv4_cidr": "10.30.0.0/16",
            "subnetwork": "projects/kloia-challenge/regions/europe-west2/subnetworks/gke-subnet-dev",
            "tpu_ipv4_cidr_block": "",
            "vertical_pod_autoscaling": [
              {
                "enabled": false
              }
            ],
            "workload_identity_config": [
              {
                "workload_pool": "kloia-challenge.svc.id.goog"
              }
            ]
          },
          "sensitive_attributes": []
        }
      ]
    }
  ],
  "check_results": null
}
